PODS:
  - AppCenter/Core (4.3.0)
  - AppCenter/Crashes (4.3.0):
    - AppCenter/Core
  - LetsMove (1.24)
  - ShortcutRecorder (3.1)
  - Sparkle (1.24.0)
  - SwiftyBeaver (1.9.0)

DEPENDENCIES:
  - AppCenter/Crashes (= 4.3.0)
  - LetsMove (from `https://github.com/lwouis/LetsMove.git`, commit `7abf4daed1a25218f2b52f2dfd190aee5a50071c`)
  - ShortcutRecorder (from `https://github.com/lwouis/ShortcutRecorder.git`, branch `alt-tab-current`)
  - Sparkle (from `https://raw.githubusercontent.com/lwouis/Sparkle/fix-iframe-popup-1.24/Sparkle.podspec`)
  - SwiftyBeaver (= 1.9.0)

SPEC REPOS:
  trunk:
    - AppCenter
    - SwiftyBeaver

EXTERNAL SOURCES:
  LetsMove:
    :commit: 7abf4daed1a25218f2b52f2dfd190aee5a50071c
    :git: https://github.com/lwouis/LetsMove.git
  ShortcutRecorder:
    :branch: alt-tab-current
    :git: https://github.com/lwouis/ShortcutRecorder.git
  Sparkle:
    :podspec: https://raw.githubusercontent.com/lwouis/Sparkle/fix-iframe-popup-1.24/Sparkle.podspec

CHECKOUT OPTIONS:
  LetsMove:
    :commit: 7abf4daed1a25218f2b52f2dfd190aee5a50071c
    :git: https://github.com/lwouis/LetsMove.git
  ShortcutRecorder:
    :commit: 594b360e07a8a368ffec2567f77e465477b9994f
    :git: https://github.com/lwouis/ShortcutRecorder.git

SPEC CHECKSUMS:
  AppCenter: 883369ab78427b0561c688158d689dfe1f993ea9
  LetsMove: fefe56bc7bc7fb7d37049e28a14f297961229fc5
  ShortcutRecorder: fdf620aca34101b0cba3b10fca815e0459254189
  Sparkle: 1fa490bb4ab2a9b37cfb9ea4feec19dd33b81cd2
  SwiftyBeaver: d39e7c376bf15e9fffca8263b8fd1f42ea56aa2d

PODFILE CHECKSUM: 171d8e3b49aa39f805e1814551d0f7e1bafd1572

COCOAPODS: 1.16.2
