{
  "object": {
    "pins": [
      {
        "package": "LaunchAtLogin",
        "repositoryURL": "https://github.com/sindresorhus/LaunchAtLogin",
        "state": {
          "branch": null,
          "revision": "e8171b3e38a2816f579f58f3dac1522aa39efe41",
          "version": "4.2.0"
        }
      },
      {
        "package": "SwiftyMarkdown",
        "repositoryURL": "https://github.com/SimonFairbairn/SwiftyMarkdown",
        "state": {
          "branch": null,
          "revision": "5b0a1e76332a633726f9f9a00b4bbd840166bccf",
          "version": "1.2.3"
        }
      }
    ]
  },
  "version": 1
}
