// !$*UTF8*$!
{
	archiveVersion = 1;
	classes = {
	};
	objectVersion = 46;
	objects = {

/* Begin PBXBuildFile section */
		4807A6C623A9CD190052A53E /* SkyLight.framework in Frameworks */ = {isa = PBXBuildFile; fileRef = 4807A6C523A9CD190052A53E /* SkyLight.framework */; };
		76D02BB22BFE7C9E0056008D /* Pods_alt_tab_macos.framework in Frameworks */ = {isa = PBXBuildFile; fileRef = C0712B3BEA2B3780398C0999 /* Pods_alt_tab_macos.framework */; };
		D04BA004884A273D4D2D3EF1 /* HelperExtensions.swift in Sources */ = {isa = PBXBuildFile; fileRef = D04BAD91161791D42FEC4A60 /* HelperExtensions.swift */; };
		D04BA14D93726795A6937832 /* LabelAndControl.swift in Sources */ = {isa = PBXBuildFile; fileRef = D04BA2526DC6726E0F7ACF7C /* LabelAndControl.swift */; };
		D04BA15A1B0C4871EA7CB899 /* ShortcutsTab.swift in Sources */ = {isa = PBXBuildFile; fileRef = D04BACE22DC907F03D193075 /* ShortcutsTab.swift */; };
		D04BA1B133D53572D7B312C2 /* CollectionViewItemFontIcon.swift in Sources */ = {isa = PBXBuildFile; fileRef = D04BA1DF8CAB2FAB7FE9244B /* CollectionViewItemFontIcon.swift */; };
		D04BA1CEC6B9C8945FEC8740 /* CollectionViewItemView.swift in Sources */ = {isa = PBXBuildFile; fileRef = D04BA258B56193958D60978A /* CollectionViewItemView.swift */; };
		D04BA26A691D56031FCCF00C /* Sysctl.swift in Sources */ = {isa = PBXBuildFile; fileRef = D04BA8DB8AA7E5570DAC568A /* Sysctl.swift */; };
		D04BA2A6FF9DDDC5A1A68E36 /* Applications.swift in Sources */ = {isa = PBXBuildFile; fileRef = D04BA282BB16C1554595A968 /* Applications.swift */; };
		D04BA2E64C59D96F6EB27D9D /* FeedbackWindow.swift in Sources */ = {isa = PBXBuildFile; fileRef = D04BA26C75F76C277653C932 /* FeedbackWindow.swift */; };
		D04BA3BFB0CDF4ED343914B2 /* PreferencesWindow.swift in Sources */ = {isa = PBXBuildFile; fileRef = D04BA47FF1B7838CF4814538 /* PreferencesWindow.swift */; };
		D04BA3CF766857381519B892 /* DispatchQueues.swift in Sources */ = {isa = PBXBuildFile; fileRef = D04BAB74451B79FE18B8BEDF /* DispatchQueues.swift */; };
		D04BA48B00B4211A465C7337 /* DebugProfile.swift in Sources */ = {isa = PBXBuildFile; fileRef = D04BACABD048E62EBE4576CC /* DebugProfile.swift */; };
		D04BA53516E4BA2078A45481 /* InfoPlist.strings in Resources */ = {isa = PBXBuildFile; fileRef = D04BAE9FE8A2ACA88429535E /* InfoPlist.strings */; };
		D04BA5F99B45DC13B9E9DD91 /* Keyboard.swift in Sources */ = {isa = PBXBuildFile; fileRef = D04BA8276B3D3905E80B1739 /* Keyboard.swift */; };
		D04BA6187A91A847844B6ABB /* Window.swift in Sources */ = {isa = PBXBuildFile; fileRef = D04BA015A45DE7AFDC9794FE /* Window.swift */; };
		D04BA691CB6082A3C39CBC89 /* TabViewController.swift in Sources */ = {isa = PBXBuildFile; fileRef = D04BAE757BB2B605234FBF58 /* TabViewController.swift */; };
		D04BA69AF6CA6723036F6EB7 /* InfoPlist.strings in Resources */ = {isa = PBXBuildFile; fileRef = D04BA0DE428BF4C08F5E19CE /* InfoPlist.strings */; };
		D04BA69D47B5E60A6AD9CBD9 /* CollectionViewItemTitle.swift in Sources */ = {isa = PBXBuildFile; fileRef = D04BAD1297730B191E96E7FE /* CollectionViewItemTitle.swift */; };
		D04BA6AA07BF870BAFC54DF3 /* Localizable.strings in Resources */ = {isa = PBXBuildFile; fileRef = D04BA63DEDDC0BCE06588541 /* Localizable.strings */; };
		D04BA6C953494839648107D1 /* CollectionViewItem.swift in Sources */ = {isa = PBXBuildFile; fileRef = D04BA2A4A4140AF3E09DA94D /* CollectionViewItem.swift */; };
		D04BA737008AA2CD4E230A21 /* Application.swift in Sources */ = {isa = PBXBuildFile; fileRef = D04BA10777505D8A67ABD186 /* Application.swift */; };
		D04BA73E90EFEF8247A5105D /* CGWindow.swift in Sources */ = {isa = PBXBuildFile; fileRef = D04BAC34CFD42A7F6F1F01C0 /* CGWindow.swift */; };
		D04BA76A74267B1346D23687 /* GridView.swift in Sources */ = {isa = PBXBuildFile; fileRef = D04BA6D57A1456C07318B8EA /* GridView.swift */; };
		D04BA76DDB00FC50D203D62C /* CollectionViewFlowLayout.swift in Sources */ = {isa = PBXBuildFile; fileRef = D04BAC2FEF7248B7BF9579E2 /* CollectionViewFlowLayout.swift */; };
		D04BA775CF3F8D9394A1E256 /* Screen.swift in Sources */ = {isa = PBXBuildFile; fileRef = D04BA68C2561D9EE4FD851B8 /* Screen.swift */; };
		D04BA7B1C67F18623E6110D8 /* codesign_sparkle_embedded_apps.sh in Resources */ = {isa = PBXBuildFile; fileRef = D04BA123744B0C27E9F54B05 /* codesign_sparkle_embedded_apps.sh */; };
		D04BA7BE7F3DD24D58ACE942 /* AppearanceTab.swift in Sources */ = {isa = PBXBuildFile; fileRef = D04BA64F1F344007EA13BA05 /* AppearanceTab.swift */; };
		D04BA7C348A3CF9862394E23 /* MainMenu.xib in Resources */ = {isa = PBXBuildFile; fileRef = D04BA6A1082C0521CD994B42 /* MainMenu.xib */; };
		D04BA7F86F1926FBE31F44BF /* BaseLabel.swift in Sources */ = {isa = PBXBuildFile; fileRef = D04BA53992F116E5E704CAB3 /* BaseLabel.swift */; };
		D04BA8092885B40CE3527370 /* UpdatesTab.swift in Sources */ = {isa = PBXBuildFile; fileRef = D04BAD60C97E609A759E721E /* UpdatesTab.swift */; };
		D04BA8480A8FF466CA89DA5B /* main.swift in Sources */ = {isa = PBXBuildFile; fileRef = D04BA70746DEEC3D30B43F81 /* main.swift */; };
		D04BAA98549C75DF585D2628 /* Localizable.strings in Resources */ = {isa = PBXBuildFile; fileRef = D04BAD91185BD6DA6774E0C4 /* Localizable.strings */; };
		D04BAABE804F3769CE22BEB6 /* HyperlinkLabel.swift in Sources */ = {isa = PBXBuildFile; fileRef = D04BA49E45BFFF3D9FC60E43 /* HyperlinkLabel.swift */; };
		D04BAADED6FE28D42924AEBF /* PrivateApis.swift in Sources */ = {isa = PBXBuildFile; fileRef = D04BA5C401AFA55CC67C7188 /* PrivateApis.swift */; };
		D04BAAE70D788E127E61319C /* Localizable.strings in Resources */ = {isa = PBXBuildFile; fileRef = D04BAEBD635643E652AA79A6 /* Localizable.strings */; };
		D04BAB048DE698E013577C51 /* ThumbnailsPanel.swift in Sources */ = {isa = PBXBuildFile; fileRef = D04BA653BD073CB58E2CFC93 /* ThumbnailsPanel.swift */; };
		D04BAB4EB890853B5B9B2C61 /* BoldLabel.swift in Sources */ = {isa = PBXBuildFile; fileRef = D04BACEE8D430B8CAAD8C4CD /* BoldLabel.swift */; };
		D04BAB68B7B8D1B548BC3AD5 /* App.swift in Sources */ = {isa = PBXBuildFile; fileRef = D04BAAB92261FC04854FDDE9 /* App.swift */; };
		D04BABD34C901707D28CA239 /* SF-Pro-Text-Regular.otf in Resources */ = {isa = PBXBuildFile; fileRef = D04BA9C7ECE540D4B4D2F3F0 /* SF-Pro-Text-Regular.otf */; };
		D04BABE88F8E4B54EEFC3B4D /* InfoPlist.strings in Resources */ = {isa = PBXBuildFile; fileRef = D04BA9DD88D87718D6A162E9 /* InfoPlist.strings */; };
		D04BABED81800E18732912CC /* CGWindowID.swift in Sources */ = {isa = PBXBuildFile; fileRef = D04BA03200F5A8FC0CD03607 /* CGWindowID.swift */; };
		D04BABEECBC6D922298BC93A /* Spaces.swift in Sources */ = {isa = PBXBuildFile; fileRef = D04BA7CF9C2D1BEC7C05AB24 /* Spaces.swift */; };
		D04BAC011A71E0418154F8CD /* Preferences.swift in Sources */ = {isa = PBXBuildFile; fileRef = D04BA9B93823398A542FF7A0 /* Preferences.swift */; };
		D04BAC0AE7C80F8A37BBC7A5 /* InfoPlist.strings in Resources */ = {isa = PBXBuildFile; fileRef = D04BA4A4B27D541B489D35CA /* InfoPlist.strings */; };
		D04BAD1BE9DC22C48C53D195 /* AboutTab.swift in Sources */ = {isa = PBXBuildFile; fileRef = D04BA4A26987F67DD94C827F /* AboutTab.swift */; };
		D04BAD2A7F2E8BF64EE982E9 /* TextArea.swift in Sources */ = {isa = PBXBuildFile; fileRef = D04BA7C836A8CE8C0B8D128B /* TextArea.swift */; };
		D04BAD451966B43720120D2E /* Menubar.swift in Sources */ = {isa = PBXBuildFile; fileRef = D04BAD905546AA93E5117B0A /* Menubar.swift */; };
		D04BADBCF20CD72057E7CF09 /* TabViewItem.swift in Sources */ = {isa = PBXBuildFile; fileRef = D04BA27C87B86C4484A5B15B /* TabViewItem.swift */; };
		D04BADCDA9F9A6C3D6499877 /* SystemPermissions.swift in Sources */ = {isa = PBXBuildFile; fileRef = D04BA7C6F2519091717F4B4E /* SystemPermissions.swift */; };
		D04BAE6B5382CA561A219A54 /* Localizable.strings in Resources */ = {isa = PBXBuildFile; fileRef = D04BAF27C7004AC98C521FCD /* Localizable.strings */; };
		D04BAF25E67A5B31CF7676DB /* TextField.swift in Sources */ = {isa = PBXBuildFile; fileRef = D04BA44F7B5E58A08416706B /* TextField.swift */; };
		D04BAFB973C3D28718FAEB87 /* Windows.swift in Sources */ = {isa = PBXBuildFile; fileRef = D04BACD976030676FD0761D5 /* Windows.swift */; };
		D04BAFBC862BA5FE0294EA7A /* AXUIElement.swift in Sources */ = {isa = PBXBuildFile; fileRef = D04BA6F823BC0EDA9AA4B80A /* AXUIElement.swift */; };
/* End PBXBuildFile section */

/* Begin PBXFileReference section */
		38C426DAE17708EDD4FDADBF /* Pods-alt-tab-macos.release.xcconfig */ = {isa = PBXFileReference; includeInIndex = 1; lastKnownFileType = text.xcconfig; name = "Pods-alt-tab-macos.release.xcconfig"; path = "Target Support Files/Pods-alt-tab-macos/Pods-alt-tab-macos.release.xcconfig"; sourceTree = "<group>"; };
		4807A6C523A9CD190052A53E /* SkyLight.framework */ = {isa = PBXFileReference; lastKnownFileType = wrapper.framework; name = SkyLight.framework; path = ../../../../System/Library/PrivateFrameworks/SkyLight.framework; sourceTree = "<group>"; };
		BF12DEA89785CA78B0FE2706 /* Pods-alt-tab-macos.debug.xcconfig */ = {isa = PBXFileReference; includeInIndex = 1; lastKnownFileType = text.xcconfig; name = "Pods-alt-tab-macos.debug.xcconfig"; path = "Target Support Files/Pods-alt-tab-macos/Pods-alt-tab-macos.debug.xcconfig"; sourceTree = "<group>"; };
		C0712B3BEA2B3780398C0999 /* Pods_alt_tab_macos.framework */ = {isa = PBXFileReference; explicitFileType = wrapper.framework; includeInIndex = 0; path = Pods_alt_tab_macos.framework; sourceTree = BUILT_PRODUCTS_DIR; };
		D04BA015A45DE7AFDC9794FE /* Window.swift */ = {isa = PBXFileReference; fileEncoding = 4; lastKnownFileType = sourcecode.swift; path = Window.swift; sourceTree = "<group>"; };
		D04BA03200F5A8FC0CD03607 /* CGWindowID.swift */ = {isa = PBXFileReference; fileEncoding = 4; lastKnownFileType = sourcecode.swift; path = CGWindowID.swift; sourceTree = "<group>"; };
		D04BA0AAAE82C72855DBBA26 /* update_appcast.sh */ = {isa = PBXFileReference; fileEncoding = 4; lastKnownFileType = text.script.sh; path = update_appcast.sh; sourceTree = "<group>"; };
		D04BA0BEF67FCC92B06AA34A /* en */ = {isa = PBXFileReference; fileEncoding = 4; lastKnownFileType = text.plist.strings; name = en; path = InfoPlist.strings; sourceTree = "<group>"; };
		D04BA0CE87BE264C52987ED1 /* 7 windows - 2 lines - wide window.jpg */ = {isa = PBXFileReference; lastKnownFileType = image.jpeg; path = "7 windows - 2 lines - wide window.jpg"; sourceTree = "<group>"; };
		D04BA0E071D2EDFDB9A20523 /* Podfile */ = {isa = PBXFileReference; fileEncoding = 4; lastKnownFileType = text; path = Podfile; sourceTree = "<group>"; xcLanguageSpecificationIdentifier = xcode.lang.ruby; };
		D04BA0E1C5DBC07108AC2F54 /* README.md */ = {isa = PBXFileReference; fileEncoding = 4; lastKnownFileType = net.daringfireball.markdown; path = README.md; sourceTree = "<group>"; };
		D04BA0F5EB832B8E142B654B /* 4 windows - 1 line.jpg */ = {isa = PBXFileReference; lastKnownFileType = image.jpeg; path = "4 windows - 1 line.jpg"; sourceTree = "<group>"; };
		D04BA10777505D8A67ABD186 /* Application.swift */ = {isa = PBXFileReference; fileEncoding = 4; lastKnownFileType = sourcecode.swift; path = Application.swift; sourceTree = "<group>"; };
		D04BA107C8B8FE7FF8536606 /* too many windows - 4 lines - paginated.jpg */ = {isa = PBXFileReference; lastKnownFileType = image.jpeg; path = "too many windows - 4 lines - paginated.jpg"; sourceTree = "<group>"; };
		D04BA1232AFEEFE90D5CC827 /* debug.xcconfig */ = {isa = PBXFileReference; fileEncoding = 4; lastKnownFileType = text.xcconfig; path = debug.xcconfig; sourceTree = "<group>"; };
		D04BA123744B0C27E9F54B05 /* codesign_sparkle_embedded_apps.sh */ = {isa = PBXFileReference; fileEncoding = 4; lastKnownFileType = text.script.sh; path = codesign_sparkle_embedded_apps.sh; sourceTree = "<group>"; };
		D04BA15346AF8E0EF471694A /* en */ = {isa = PBXFileReference; fileEncoding = 2483028224; lastKnownFileType = text.plist.strings; name = en; path = Localizable.strings; sourceTree = "<group>"; };
		D04BA1D80F4EEF2A91BAD29C /* release.config.js */ = {isa = PBXFileReference; fileEncoding = 4; lastKnownFileType = sourcecode.javascript; path = release.config.js; sourceTree = "<group>"; };
		D04BA1DF8CAB2FAB7FE9244B /* CollectionViewItemFontIcon.swift */ = {isa = PBXFileReference; fileEncoding = 4; lastKnownFileType = sourcecode.swift; path = CollectionViewItemFontIcon.swift; sourceTree = "<group>"; };
		D04BA1FC9022590D7AA02486 /* 1 window - 1 line.jpg */ = {isa = PBXFileReference; lastKnownFileType = image.jpeg; path = "1 window - 1 line.jpg"; sourceTree = "<group>"; };
		D04BA209DF87573E375C8CC3 /* es */ = {isa = PBXFileReference; fileEncoding = 2483028224; lastKnownFileType = text.plist.strings; name = es; path = Localizable.strings; sourceTree = "<group>"; };
		D04BA2526DC6726E0F7ACF7C /* LabelAndControl.swift */ = {isa = PBXFileReference; fileEncoding = 4; lastKnownFileType = sourcecode.swift; path = LabelAndControl.swift; sourceTree = "<group>"; };
		D04BA258B56193958D60978A /* CollectionViewItemView.swift */ = {isa = PBXFileReference; fileEncoding = 4; lastKnownFileType = sourcecode.swift; path = CollectionViewItemView.swift; sourceTree = "<group>"; };
		D04BA26154AB2A2897E08CAF /* windows-theme.jpg */ = {isa = PBXFileReference; lastKnownFileType = image.jpeg; path = "windows-theme.jpg"; sourceTree = "<group>"; };
		D04BA26C75F76C277653C932 /* FeedbackWindow.swift */ = {isa = PBXFileReference; fileEncoding = 4; lastKnownFileType = sourcecode.swift; path = FeedbackWindow.swift; sourceTree = "<group>"; };
		D04BA27C87B86C4484A5B15B /* TabViewItem.swift */ = {isa = PBXFileReference; fileEncoding = 4; lastKnownFileType = sourcecode.swift; path = TabViewItem.swift; sourceTree = "<group>"; };
		D04BA282BB16C1554595A968 /* Applications.swift */ = {isa = PBXFileReference; fileEncoding = 4; lastKnownFileType = sourcecode.swift; path = Applications.swift; sourceTree = "<group>"; };
		D04BA2A4A4140AF3E09DA94D /* CollectionViewItem.swift */ = {isa = PBXFileReference; fileEncoding = 4; lastKnownFileType = sourcecode.swift; path = CollectionViewItem.swift; sourceTree = "<group>"; };
		D04BA2A4F257F4DCE1421758 /* Podfile.lock */ = {isa = PBXFileReference; lastKnownFileType = file.lock; path = Podfile.lock; sourceTree = "<group>"; };
		D04BA2C7B51F68651B3C60E2 /* 6 windows - 1 line.jpg */ = {isa = PBXFileReference; lastKnownFileType = image.jpeg; path = "6 windows - 1 line.jpg"; sourceTree = "<group>"; };
		D04BA32F25860B686DFE818A /* 3 windows - 1 line.jpg */ = {isa = PBXFileReference; lastKnownFileType = image.jpeg; path = "3 windows - 1 line.jpg"; sourceTree = "<group>"; };
		D04BA4336B6004A0A99849AD /* package.json */ = {isa = PBXFileReference; fileEncoding = 4; lastKnownFileType = text.json; path = package.json; sourceTree = "<group>"; };
		D04BA44F7B5E58A08416706B /* TextField.swift */ = {isa = PBXFileReference; fileEncoding = 4; lastKnownFileType = sourcecode.swift; path = TextField.swift; sourceTree = "<group>"; };
		D04BA459034C1885CA43A807 /* LICENCE.md */ = {isa = PBXFileReference; fileEncoding = 4; lastKnownFileType = net.daringfireball.markdown; path = LICENCE.md; sourceTree = "<group>"; };
		D04BA47FF1B7838CF4814538 /* PreferencesWindow.swift */ = {isa = PBXFileReference; fileEncoding = 4; lastKnownFileType = sourcecode.swift; path = PreferencesWindow.swift; sourceTree = "<group>"; };
		D04BA49E45BFFF3D9FC60E43 /* HyperlinkLabel.swift */ = {isa = PBXFileReference; fileEncoding = 4; lastKnownFileType = sourcecode.swift; path = HyperlinkLabel.swift; sourceTree = "<group>"; };
		D04BA4A26987F67DD94C827F /* AboutTab.swift */ = {isa = PBXFileReference; fileEncoding = 4; lastKnownFileType = sourcecode.swift; path = AboutTab.swift; sourceTree = "<group>"; };
		D04BA4B5292629AA6B560216 /* package_and_notarize_release.sh */ = {isa = PBXFileReference; fileEncoding = 4; lastKnownFileType = text.script.sh; path = package_and_notarize_release.sh; sourceTree = "<group>"; };
		D04BA4F23325560BC0BCDDB7 /* 7 windows - 2 lines - tall window.jpg */ = {isa = PBXFileReference; lastKnownFileType = image.jpeg; path = "7 windows - 2 lines - tall window.jpg"; sourceTree = "<group>"; };
		D04BA51D43775E57CE91154A /* 3 windows - 1 line - wide window.jpg */ = {isa = PBXFileReference; lastKnownFileType = image.jpeg; path = "3 windows - 1 line - wide window.jpg"; sourceTree = "<group>"; };
		D04BA53992F116E5E704CAB3 /* BaseLabel.swift */ = {isa = PBXFileReference; fileEncoding = 4; lastKnownFileType = sourcecode.swift; path = BaseLabel.swift; sourceTree = "<group>"; };
		D04BA5ABFA5457A86536E2E4 /* 5 windows - 1 line.jpg */ = {isa = PBXFileReference; lastKnownFileType = image.jpeg; path = "5 windows - 1 line.jpg"; sourceTree = "<group>"; };
		D04BA5C401AFA55CC67C7188 /* PrivateApis.swift */ = {isa = PBXFileReference; fileEncoding = 4; lastKnownFileType = sourcecode.swift; path = PrivateApis.swift; sourceTree = "<group>"; };
		D04BA5E7D7A67D186B7136FE /* es */ = {isa = PBXFileReference; fileEncoding = 4; lastKnownFileType = text.plist.strings; name = es; path = InfoPlist.strings; sourceTree = "<group>"; };
		D04BA5E819181CB83C5602C7 /* generate_selfsigned_codesign_certificate.sh */ = {isa = PBXFileReference; fileEncoding = 4; lastKnownFileType = text.script.sh; path = generate_selfsigned_codesign_certificate.sh; sourceTree = "<group>"; };
		D04BA62D5EACAAAD7BCD3E79 /* release.xcconfig */ = {isa = PBXFileReference; fileEncoding = 4; lastKnownFileType = text.xcconfig; path = release.xcconfig; sourceTree = "<group>"; };
		D04BA64F1F344007EA13BA05 /* AppearanceTab.swift */ = {isa = PBXFileReference; fileEncoding = 4; lastKnownFileType = sourcecode.swift; path = AppearanceTab.swift; sourceTree = "<group>"; };
		D04BA653BD073CB58E2CFC93 /* ThumbnailsPanel.swift */ = {isa = PBXFileReference; fileEncoding = 4; lastKnownFileType = sourcecode.swift; path = ThumbnailsPanel.swift; sourceTree = "<group>"; };
		D04BA68C2561D9EE4FD851B8 /* Screen.swift */ = {isa = PBXFileReference; fileEncoding = 4; lastKnownFileType = sourcecode.swift; path = Screen.swift; sourceTree = "<group>"; };
		D04BA6A1082C0521CD994B42 /* MainMenu.xib */ = {isa = PBXFileReference; lastKnownFileType = file.xib; path = MainMenu.xib; sourceTree = "<group>"; };
		D04BA6D57A1456C07318B8EA /* GridView.swift */ = {isa = PBXFileReference; fileEncoding = 4; lastKnownFileType = sourcecode.swift; path = GridView.swift; sourceTree = "<group>"; };
		D04BA6EF1954DCE80E539142 /* base.xcconfig */ = {isa = PBXFileReference; fileEncoding = 4; lastKnownFileType = text.xcconfig; path = base.xcconfig; sourceTree = "<group>"; };
		D04BA6F823BC0EDA9AA4B80A /* AXUIElement.swift */ = {isa = PBXFileReference; fileEncoding = 4; lastKnownFileType = sourcecode.swift; path = AXUIElement.swift; sourceTree = "<group>"; };
		D04BA70746DEEC3D30B43F81 /* main.swift */ = {isa = PBXFileReference; fileEncoding = 4; lastKnownFileType = sourcecode.swift; path = main.swift; sourceTree = "<group>"; };
		D04BA7C6F2519091717F4B4E /* SystemPermissions.swift */ = {isa = PBXFileReference; fileEncoding = 4; lastKnownFileType = sourcecode.swift; path = SystemPermissions.swift; sourceTree = "<group>"; };
		D04BA7C836A8CE8C0B8D128B /* TextArea.swift */ = {isa = PBXFileReference; fileEncoding = 4; lastKnownFileType = sourcecode.swift; path = TextArea.swift; sourceTree = "<group>"; };
		D04BA7CF9C2D1BEC7C05AB24 /* Spaces.swift */ = {isa = PBXFileReference; fileEncoding = 4; lastKnownFileType = sourcecode.swift; path = Spaces.swift; sourceTree = "<group>"; };
		D04BA7ECCE728582D9ECA613 /* determine_version_and_changelog.sh */ = {isa = PBXFileReference; fileEncoding = 4; lastKnownFileType = text.script.sh; path = determine_version_and_changelog.sh; sourceTree = "<group>"; };
		D04BA8276B3D3905E80B1739 /* Keyboard.swift */ = {isa = PBXFileReference; fileEncoding = 4; lastKnownFileType = sourcecode.swift; path = Keyboard.swift; sourceTree = "<group>"; };
		D04BA82F792DF53958D92572 /* AltTab.app */ = {isa = PBXFileReference; explicitFileType = wrapper.application; includeInIndex = 0; path = AltTab.app; sourceTree = BUILT_PRODUCTS_DIR; };
		D04BA8478F617D6F050B1C00 /* de */ = {isa = PBXFileReference; fileEncoding = 2483028224; lastKnownFileType = text.plist.strings; name = de; path = Localizable.strings; sourceTree = "<group>"; };
		D04BA8DB8AA7E5570DAC568A /* Sysctl.swift */ = {isa = PBXFileReference; fileEncoding = 4; lastKnownFileType = sourcecode.swift; path = Sysctl.swift; sourceTree = "<group>"; };
		D04BA92541D46EA4F6943A72 /* package-lock.json */ = {isa = PBXFileReference; fileEncoding = 4; lastKnownFileType = text.json; path = "package-lock.json"; sourceTree = "<group>"; };
		D04BA9B93823398A542FF7A0 /* Preferences.swift */ = {isa = PBXFileReference; fileEncoding = 4; lastKnownFileType = sourcecode.swift; path = Preferences.swift; sourceTree = "<group>"; };
		D04BA9C7ECE540D4B4D2F3F0 /* SF-Pro-Text-Regular.otf */ = {isa = PBXFileReference; lastKnownFileType = file.otf; path = "SF-Pro-Text-Regular.otf"; sourceTree = "<group>"; };
		D04BA9EF65B2E7AF9E3ADCA3 /* 2 windows - 1 line.jpg */ = {isa = PBXFileReference; lastKnownFileType = image.jpeg; path = "2 windows - 1 line.jpg"; sourceTree = "<group>"; };
		D04BAA34E0CB00DED7C04B4F /* 2-rows.jpg */ = {isa = PBXFileReference; lastKnownFileType = image.jpeg; path = "2-rows.jpg"; sourceTree = "<group>"; };
		D04BAAB92261FC04854FDDE9 /* App.swift */ = {isa = PBXFileReference; fileEncoding = 4; lastKnownFileType = sourcecode.swift; path = App.swift; sourceTree = "<group>"; };
		D04BAAF760E3A8A22BDA84D6 /* appcast.xml */ = {isa = PBXFileReference; fileEncoding = 4; lastKnownFileType = text.xml; path = appcast.xml; sourceTree = "<group>"; };
		D04BAB6652494D7575057E86 /* 14 windows - 3 lines.jpg */ = {isa = PBXFileReference; lastKnownFileType = image.jpeg; path = "14 windows - 3 lines.jpg"; sourceTree = "<group>"; };
		D04BAB74451B79FE18B8BEDF /* DispatchQueues.swift */ = {isa = PBXFileReference; fileEncoding = 4; lastKnownFileType = sourcecode.swift; path = DispatchQueues.swift; sourceTree = "<group>"; };
		D04BABFEC8F9DF41BB7A449E /* import_codesign_certificate_into_keychain.sh */ = {isa = PBXFileReference; fileEncoding = 4; lastKnownFileType = text.script.sh; path = import_codesign_certificate_into_keychain.sh; sourceTree = "<group>"; };
		D04BAC02D60EF22D9CC7D969 /* commitlint.config.js */ = {isa = PBXFileReference; fileEncoding = 4; lastKnownFileType = sourcecode.javascript; path = commitlint.config.js; sourceTree = "<group>"; };
		D04BAC159731F80FDAF4EA6C /* 1-row.jpg */ = {isa = PBXFileReference; lastKnownFileType = image.jpeg; path = "1-row.jpg"; sourceTree = "<group>"; };
		D04BAC2FEF7248B7BF9579E2 /* CollectionViewFlowLayout.swift */ = {isa = PBXFileReference; fileEncoding = 4; lastKnownFileType = sourcecode.swift; path = CollectionViewFlowLayout.swift; sourceTree = "<group>"; };
		D04BAC34CFD42A7F6F1F01C0 /* CGWindow.swift */ = {isa = PBXFileReference; fileEncoding = 4; lastKnownFileType = sourcecode.swift; path = CGWindow.swift; sourceTree = "<group>"; };
		D04BAC6AFC7F06D1A567F27A /* replace_environment_variables_in_app.sh */ = {isa = PBXFileReference; fileEncoding = 4; lastKnownFileType = text.script.sh; path = replace_environment_variables_in_app.sh; sourceTree = "<group>"; };
		D04BACABD048E62EBE4576CC /* DebugProfile.swift */ = {isa = PBXFileReference; fileEncoding = 4; lastKnownFileType = sourcecode.swift; path = DebugProfile.swift; sourceTree = "<group>"; };
		D04BACD976030676FD0761D5 /* Windows.swift */ = {isa = PBXFileReference; fileEncoding = 4; lastKnownFileType = sourcecode.swift; path = Windows.swift; sourceTree = "<group>"; };
		D04BACE22DC907F03D193075 /* ShortcutsTab.swift */ = {isa = PBXFileReference; fileEncoding = 4; lastKnownFileType = sourcecode.swift; path = ShortcutsTab.swift; sourceTree = "<group>"; };
		D04BACEE8D430B8CAAD8C4CD /* BoldLabel.swift */ = {isa = PBXFileReference; fileEncoding = 4; lastKnownFileType = sourcecode.swift; path = BoldLabel.swift; sourceTree = "<group>"; };
		D04BACEECEFD773AC52E817C /* de */ = {isa = PBXFileReference; fileEncoding = 4; lastKnownFileType = text.plist.strings; name = de; path = InfoPlist.strings; sourceTree = "<group>"; };
		D04BAD1297730B191E96E7FE /* CollectionViewItemTitle.swift */ = {isa = PBXFileReference; fileEncoding = 4; lastKnownFileType = sourcecode.swift; path = CollectionViewItemTitle.swift; sourceTree = "<group>"; };
		D04BAD40CE2D3A8AAC3819D0 /* .gitignore */ = {isa = PBXFileReference; lastKnownFileType = file.gitignore; path = .gitignore; sourceTree = "<group>"; };
		D04BAD60C97E609A759E721E /* UpdatesTab.swift */ = {isa = PBXFileReference; fileEncoding = 4; lastKnownFileType = sourcecode.swift; path = UpdatesTab.swift; sourceTree = "<group>"; };
		D04BAD7D8F3CC2C36C8769C6 /* .travis.yml */ = {isa = PBXFileReference; lastKnownFileType = file.yml; path = .travis.yml; sourceTree = "<group>"; };
		D04BAD82F652C4ED5D8BF7AE /* 3 windows - 1 line - tall window.jpg */ = {isa = PBXFileReference; lastKnownFileType = image.jpeg; path = "3 windows - 1 line - tall window.jpg"; sourceTree = "<group>"; };
		D04BAD905546AA93E5117B0A /* Menubar.swift */ = {isa = PBXFileReference; fileEncoding = 4; lastKnownFileType = sourcecode.swift; path = Menubar.swift; sourceTree = "<group>"; };
		D04BAD91161791D42FEC4A60 /* HelperExtensions.swift */ = {isa = PBXFileReference; fileEncoding = 4; lastKnownFileType = sourcecode.swift; path = HelperExtensions.swift; sourceTree = "<group>"; };
		D04BADA9F7B628E1257A3FFE /* fr */ = {isa = PBXFileReference; fileEncoding = 4; lastKnownFileType = text.plist.strings; name = fr; path = Localizable.strings; sourceTree = "<group>"; };
		D04BADB20AB31BF83593E0BE /* greetings.yml */ = {isa = PBXFileReference; fileEncoding = 4; lastKnownFileType = text.yaml; path = greetings.yml; sourceTree = "<group>"; };
		D04BADB7FBE213951CDD81CF /* fr */ = {isa = PBXFileReference; fileEncoding = 4; lastKnownFileType = text.plist.strings; name = fr; path = InfoPlist.strings; sourceTree = "<group>"; };
		D04BAE1243C9B4BE3ED1B524 /* 7 windows - 2 lines - extra wide window.jpg */ = {isa = PBXFileReference; lastKnownFileType = image.jpeg; path = "7 windows - 2 lines - extra wide window.jpg"; sourceTree = "<group>"; };
		D04BAE757BB2B605234FBF58 /* TabViewController.swift */ = {isa = PBXFileReference; fileEncoding = 4; lastKnownFileType = sourcecode.swift; path = TabViewController.swift; sourceTree = "<group>"; };
		D04BAE93A5854C501639C640 /* update_homebrew_cask.sh */ = {isa = PBXFileReference; fileEncoding = 4; lastKnownFileType = text.script.sh; path = update_homebrew_cask.sh; sourceTree = "<group>"; };
		D04BAF076A30A1BAFEDBEA66 /* 5 windows - 2 lines.jpg */ = {isa = PBXFileReference; lastKnownFileType = image.jpeg; path = "5 windows - 2 lines.jpg"; sourceTree = "<group>"; };
		D04BAF1058D2599E6E8ABBA6 /* Info.plist */ = {isa = PBXFileReference; fileEncoding = 4; lastKnownFileType = text.plist.info; path = Info.plist; sourceTree = "<group>"; };
		D04BAF249324297C07E31164 /* frontpage.jpg */ = {isa = PBXFileReference; lastKnownFileType = image.jpeg; path = frontpage.jpg; sourceTree = "<group>"; };
		D04BAF6F617FCA44D1F75B60 /* alt_tab_macos.entitlements */ = {isa = PBXFileReference; fileEncoding = 4; lastKnownFileType = text.plist.entitlements; path = alt_tab_macos.entitlements; sourceTree = "<group>"; };
		D04BAFA277EAE3BDDDB61110 /* CHANGELOG.md */ = {isa = PBXFileReference; fileEncoding = 4; lastKnownFileType = net.daringfireball.markdown; path = CHANGELOG.md; sourceTree = "<group>"; };
/* End PBXFileReference section */

/* Begin PBXFrameworksBuildPhase section */
		D04BA82F32FB183F65DC3E42 /* Frameworks */ = {
			isa = PBXFrameworksBuildPhase;
			buildActionMask = 2147483647;
			files = (
				4807A6C623A9CD190052A53E /* SkyLight.framework in Frameworks */,
				76D02BB22BFE7C9E0056008D /* Pods_alt_tab_macos.framework in Frameworks */,
			);
			runOnlyForDeploymentPostprocessing = 0;
		};
/* End PBXFrameworksBuildPhase section */

/* Begin PBXGroup section */
		4807A6C423A9CD190052A53E /* Frameworks */ = {
			isa = PBXGroup;
			children = (
				4807A6C523A9CD190052A53E /* SkyLight.framework */,
				C0712B3BEA2B3780398C0999 /* Pods_alt_tab_macos.framework */,
			);
			name = Frameworks;
			sourceTree = "<group>";
		};
		4A443501F57D4759B190C07E /* Pods */ = {
			isa = PBXGroup;
			children = (
				BF12DEA89785CA78B0FE2706 /* Pods-alt-tab-macos.debug.xcconfig */,
				38C426DAE17708EDD4FDADBF /* Pods-alt-tab-macos.release.xcconfig */,
			);
			path = Pods;
			sourceTree = "<group>";
		};
		D04BA0D80B24E72B9B981A1D /* logic */ = {
			isa = PBXGroup;
			children = (
				D04BA8276B3D3905E80B1739 /* Keyboard.swift */,
				D04BACD976030676FD0761D5 /* Windows.swift */,
				D04BA9B93823398A542FF7A0 /* Preferences.swift */,
				D04BA68C2561D9EE4FD851B8 /* Screen.swift */,
				D04BA7C6F2519091717F4B4E /* SystemPermissions.swift */,
				D04BA7CF9C2D1BEC7C05AB24 /* Spaces.swift */,
				D04BA015A45DE7AFDC9794FE /* Window.swift */,
				D04BA10777505D8A67ABD186 /* Application.swift */,
				D04BA282BB16C1554595A968 /* Applications.swift */,
				D04BAB74451B79FE18B8BEDF /* DispatchQueues.swift */,
				D04BACABD048E62EBE4576CC /* DebugProfile.swift */,
			);
			path = logic;
			sourceTree = "<group>";
		};
		D04BA1463D2A17038222BB84 = {
			isa = PBXGroup;
			children = (
				D04BA1A461BBB5A9BE15E015 /* Products */,
				D04BAD40CE2D3A8AAC3819D0 /* .gitignore */,
				D04BA0E1C5DBC07108AC2F54 /* README.md */,
				D04BAD1F5F5D4427DEA16682 /* docs */,
				D04BAD7D8F3CC2C36C8769C6 /* .travis.yml */,
				D04BA1D80F4EEF2A91BAD29C /* release.config.js */,
				D04BAC02D60EF22D9CC7D969 /* commitlint.config.js */,
				D04BA4336B6004A0A99849AD /* package.json */,
				D04BA92541D46EA4F6943A72 /* package-lock.json */,
				D04BAFA277EAE3BDDDB61110 /* CHANGELOG.md */,
				D04BA703DCD38D9757093312 /* scripts */,
				D04BA459034C1885CA43A807 /* LICENCE.md */,
				D04BA2C9EF33A646D0977195 /* .github */,
				4807A6C423A9CD190052A53E /* Frameworks */,
				4A443501F57D4759B190C07E /* Pods */,
				D04BA2A4F257F4DCE1421758 /* Podfile.lock */,
				D04BA0E071D2EDFDB9A20523 /* Podfile */,
				D04BAAF760E3A8A22BDA84D6 /* appcast.xml */,
				D04BA6251F309645757C6000 /* src */,
				D04BAF1058D2599E6E8ABBA6 /* Info.plist */,
				D04BAF6F617FCA44D1F75B60 /* alt_tab_macos.entitlements */,
				D04BAA17F1B492591AAAA9A7 /* config */,
			);
			sourceTree = "<group>";
		};
		D04BA1A461BBB5A9BE15E015 /* Products */ = {
			isa = PBXGroup;
			children = (
				D04BA82F792DF53958D92572 /* AltTab.app */,
			);
			name = Products;
			sourceTree = "<group>";
		};
		D04BA1C159E56743F02A3866 /* l10n */ = {
			isa = PBXGroup;
			children = (
				D04BA69F91158198644938DF /* en.lproj */,
				D04BA376C4D35D1D73E3957E /* fr.lproj */,
				D04BABC0D2BA739828F53E24 /* de.lproj */,
				D04BAD618AE89C76F26536ED /* es.lproj */,
			);
			path = l10n;
			sourceTree = "<group>";
		};
		D04BA229883E5D540D00232D /* ui */ = {
			isa = PBXGroup;
			children = (
				D04BAAB92261FC04854FDDE9 /* App.swift */,
				D04BA62E30174C336E4080FA /* main-window */,
				D04BABCD12CA72B06290C248 /* preferences-window */,
				D04BAD905546AA93E5117B0A /* Menubar.swift */,
				D04BA26C75F76C277653C932 /* FeedbackWindow.swift */,
				D04BA2CBF267F267225CA671 /* generic-components */,
			);
			path = ui;
			sourceTree = "<group>";
		};
		D04BA2C9EF33A646D0977195 /* .github */ = {
			isa = PBXGroup;
			children = (
				D04BAE05121D54E4FF6AEDAF /* workflows */,
			);
			path = .github;
			sourceTree = "<group>";
		};
		D04BA2CBF267F267225CA671 /* generic-components */ = {
			isa = PBXGroup;
			children = (
				D04BA6D57A1456C07318B8EA /* GridView.swift */,
				D04BAA41B9A74189B065D856 /* text */,
			);
			path = "generic-components";
			sourceTree = "<group>";
		};
		D04BA376C4D35D1D73E3957E /* fr.lproj */ = {
			isa = PBXGroup;
			children = (
				D04BA9DD88D87718D6A162E9 /* InfoPlist.strings */,
				D04BA63DEDDC0BCE06588541 /* Localizable.strings */,
			);
			path = fr.lproj;
			sourceTree = "<group>";
		};
		D04BA3FA52AA40B827A72F10 /* tabs */ = {
			isa = PBXGroup;
			children = (
				D04BA64F1F344007EA13BA05 /* AppearanceTab.swift */,
				D04BA4A26987F67DD94C827F /* AboutTab.swift */,
				D04BACE22DC907F03D193075 /* ShortcutsTab.swift */,
				D04BAD60C97E609A759E721E /* UpdatesTab.swift */,
			);
			path = tabs;
			sourceTree = "<group>";
		};
		D04BA502DEE6E54E9987BAB7 /* windows-10 */ = {
			isa = PBXGroup;
			children = (
				D04BA32F25860B686DFE818A /* 3 windows - 1 line.jpg */,
				D04BAB6652494D7575057E86 /* 14 windows - 3 lines.jpg */,
				D04BAD82F652C4ED5D8BF7AE /* 3 windows - 1 line - tall window.jpg */,
				D04BA4F23325560BC0BCDDB7 /* 7 windows - 2 lines - tall window.jpg */,
				D04BA2C7B51F68651B3C60E2 /* 6 windows - 1 line.jpg */,
				D04BA107C8B8FE7FF8536606 /* too many windows - 4 lines - paginated.jpg */,
				D04BA5ABFA5457A86536E2E4 /* 5 windows - 1 line.jpg */,
				D04BA0F5EB832B8E142B654B /* 4 windows - 1 line.jpg */,
				D04BA1FC9022590D7AA02486 /* 1 window - 1 line.jpg */,
				D04BA9EF65B2E7AF9E3ADCA3 /* 2 windows - 1 line.jpg */,
				D04BA51D43775E57CE91154A /* 3 windows - 1 line - wide window.jpg */,
				D04BAF076A30A1BAFEDBEA66 /* 5 windows - 2 lines.jpg */,
				D04BA0CE87BE264C52987ED1 /* 7 windows - 2 lines - wide window.jpg */,
				D04BAE1243C9B4BE3ED1B524 /* 7 windows - 2 lines - extra wide window.jpg */,
			);
			path = "windows-10";
			sourceTree = "<group>";
		};
		D04BA5BB6FB4E7D8F7AD357C /* api-wrappers */ = {
			isa = PBXGroup;
			children = (
				D04BA6F823BC0EDA9AA4B80A /* AXUIElement.swift */,
				D04BAC34CFD42A7F6F1F01C0 /* CGWindow.swift */,
				D04BAD91161791D42FEC4A60 /* HelperExtensions.swift */,
				D04BA5C401AFA55CC67C7188 /* PrivateApis.swift */,
				D04BA03200F5A8FC0CD03607 /* CGWindowID.swift */,
				D04BA8DB8AA7E5570DAC568A /* Sysctl.swift */,
			);
			path = "api-wrappers";
			sourceTree = "<group>";
		};
		D04BA6251F309645757C6000 /* src */ = {
			isa = PBXGroup;
			children = (
				D04BA5BB6FB4E7D8F7AD357C /* api-wrappers */,
				D04BA70746DEEC3D30B43F81 /* main.swift */,
				D04BA0D80B24E72B9B981A1D /* logic */,
				D04BAC282F0F3C3712FB72D6 /* resources */,
				D04BA229883E5D540D00232D /* ui */,
			);
			path = src;
			sourceTree = "<group>";
		};
		D04BA62E30174C336E4080FA /* main-window */ = {
			isa = PBXGroup;
			children = (
				D04BAC2FEF7248B7BF9579E2 /* CollectionViewFlowLayout.swift */,
				D04BA2A4A4140AF3E09DA94D /* CollectionViewItem.swift */,
				D04BA653BD073CB58E2CFC93 /* ThumbnailsPanel.swift */,
				D04BAD1297730B191E96E7FE /* CollectionViewItemTitle.swift */,
				D04BA1DF8CAB2FAB7FE9244B /* CollectionViewItemFontIcon.swift */,
				D04BA258B56193958D60978A /* CollectionViewItemView.swift */,
			);
			path = "main-window";
			sourceTree = "<group>";
		};
		D04BA63877FC8FB11C43C3D2 /* alt-tab-macos */ = {
			isa = PBXGroup;
			children = (
				D04BA26154AB2A2897E08CAF /* windows-theme.jpg */,
				D04BAA34E0CB00DED7C04B4F /* 2-rows.jpg */,
				D04BAC159731F80FDAF4EA6C /* 1-row.jpg */,
				D04BAF249324297C07E31164 /* frontpage.jpg */,
			);
			path = "alt-tab-macos";
			sourceTree = "<group>";
		};
		D04BA69F91158198644938DF /* en.lproj */ = {
			isa = PBXGroup;
			children = (
				D04BAE9FE8A2ACA88429535E /* InfoPlist.strings */,
				D04BAEBD635643E652AA79A6 /* Localizable.strings */,
			);
			path = en.lproj;
			sourceTree = "<group>";
		};
		D04BA703DCD38D9757093312 /* scripts */ = {
			isa = PBXGroup;
			children = (
				D04BA7ECCE728582D9ECA613 /* determine_version_and_changelog.sh */,
				D04BA4B5292629AA6B560216 /* package_and_notarize_release.sh */,
				D04BAC6AFC7F06D1A567F27A /* replace_environment_variables_in_app.sh */,
				D04BAE93A5854C501639C640 /* update_homebrew_cask.sh */,
				D04BA5E819181CB83C5602C7 /* generate_selfsigned_codesign_certificate.sh */,
				D04BA0AAAE82C72855DBBA26 /* update_appcast.sh */,
				D04BABFEC8F9DF41BB7A449E /* import_codesign_certificate_into_keychain.sh */,
				D04BA123744B0C27E9F54B05 /* codesign_sparkle_embedded_apps.sh */,
			);
			path = scripts;
			sourceTree = "<group>";
		};
		D04BAA17F1B492591AAAA9A7 /* config */ = {
			isa = PBXGroup;
			children = (
				D04BA6EF1954DCE80E539142 /* base.xcconfig */,
				D04BA62D5EACAAAD7BCD3E79 /* release.xcconfig */,
				D04BA1232AFEEFE90D5CC827 /* debug.xcconfig */,
			);
			path = config;
			sourceTree = "<group>";
		};
		D04BAA41B9A74189B065D856 /* text */ = {
			isa = PBXGroup;
			children = (
				D04BACEE8D430B8CAAD8C4CD /* BoldLabel.swift */,
				D04BA49E45BFFF3D9FC60E43 /* HyperlinkLabel.swift */,
				D04BA44F7B5E58A08416706B /* TextField.swift */,
				D04BA7C836A8CE8C0B8D128B /* TextArea.swift */,
				D04BA53992F116E5E704CAB3 /* BaseLabel.swift */,
			);
			path = text;
			sourceTree = "<group>";
		};
		D04BAAB62DCBD7AF93B7EF89 /* img */ = {
			isa = PBXGroup;
			children = (
				D04BA502DEE6E54E9987BAB7 /* windows-10 */,
				D04BA63877FC8FB11C43C3D2 /* alt-tab-macos */,
			);
			path = img;
			sourceTree = "<group>";
		};
		D04BABC0D2BA739828F53E24 /* de.lproj */ = {
			isa = PBXGroup;
			children = (
				D04BA0DE428BF4C08F5E19CE /* InfoPlist.strings */,
				D04BAD91185BD6DA6774E0C4 /* Localizable.strings */,
			);
			path = de.lproj;
			sourceTree = "<group>";
		};
		D04BABCD12CA72B06290C248 /* preferences-window */ = {
			isa = PBXGroup;
			children = (
				D04BA47FF1B7838CF4814538 /* PreferencesWindow.swift */,
				D04BAE757BB2B605234FBF58 /* TabViewController.swift */,
				D04BA2526DC6726E0F7ACF7C /* LabelAndControl.swift */,
				D04BA27C87B86C4484A5B15B /* TabViewItem.swift */,
				D04BA3FA52AA40B827A72F10 /* tabs */,
			);
			path = "preferences-window";
			sourceTree = "<group>";
		};
		D04BAC282F0F3C3712FB72D6 /* resources */ = {
			isa = PBXGroup;
			children = (
				D04BA9C7ECE540D4B4D2F3F0 /* SF-Pro-Text-Regular.otf */,
				D04BA6A1082C0521CD994B42 /* MainMenu.xib */,
				D04BA1C159E56743F02A3866 /* l10n */,
			);
			path = resources;
			sourceTree = "<group>";
		};
		D04BAD1F5F5D4427DEA16682 /* docs */ = {
			isa = PBXGroup;
			children = (
				D04BAAB62DCBD7AF93B7EF89 /* img */,
			);
			path = docs;
			sourceTree = "<group>";
		};
		D04BAD618AE89C76F26536ED /* es.lproj */ = {
			isa = PBXGroup;
			children = (
				D04BA4A4B27D541B489D35CA /* InfoPlist.strings */,
				D04BAF27C7004AC98C521FCD /* Localizable.strings */,
			);
			path = es.lproj;
			sourceTree = "<group>";
		};
		D04BAE05121D54E4FF6AEDAF /* workflows */ = {
			isa = PBXGroup;
			children = (
				D04BADB20AB31BF83593E0BE /* greetings.yml */,
			);
			path = workflows;
			sourceTree = "<group>";
		};
/* End PBXGroup section */

/* Begin PBXNativeTarget section */
		D04BA5E73DAF232ADE11C97A /* alt-tab-macos */ = {
			isa = PBXNativeTarget;
			buildConfigurationList = D04BA4D71CBB2FA4B9947B10 /* Build configuration list for PBXNativeTarget "alt-tab-macos" */;
			buildPhases = (
				5968B81A43F20B6ECD92C7F7 /* [CP] Check Pods Manifest.lock */,
				D04BAD01F4BCEDF8B539AFD2 /* Sources */,
				D04BA82F32FB183F65DC3E42 /* Frameworks */,
				D04BA96F3DC99263120BCD21 /* Resources */,
				7641B7923B36478FBF4D7CCD /* [CP] Embed Pods Frameworks */,
				48B68D6C23F6412C009BF4AD /* ShellScript */,
			);
			buildRules = (
			);
			dependencies = (
			);
			name = "alt-tab-macos";
			productName = "alt-tab-macos";
			productReference = D04BA82F792DF53958D92572 /* AltTab.app */;
			productType = "com.apple.product-type.application";
		};
/* End PBXNativeTarget section */

/* Begin PBXProject section */
		D04BA59EB5ED6F005E8F4407 /* Project object */ = {
			isa = PBXProject;
			attributes = {
				LastUpgradeCheck = 1130;
				ORGANIZATIONNAME = lwouis;
			};
			buildConfigurationList = D04BA83C9495F252D87CDF0F /* Build configuration list for PBXProject "alt-tab-macos" */;
			compatibilityVersion = "Xcode 3.2";
			developmentRegion = en;
			hasScannedForEncodings = 0;
			knownRegions = (
				en,
				fr,
				de,
				es,
			);
			mainGroup = D04BA1463D2A17038222BB84;
			productRefGroup = D04BA1A461BBB5A9BE15E015 /* Products */;
			projectDirPath = "";
			projectRoot = "";
			targets = (
				D04BA5E73DAF232ADE11C97A /* alt-tab-macos */,
			);
		};
/* End PBXProject section */

/* Begin PBXResourcesBuildPhase section */
		D04BA96F3DC99263120BCD21 /* Resources */ = {
			isa = PBXResourcesBuildPhase;
			buildActionMask = 2147483647;
			files = (
				D04BABD34C901707D28CA239 /* SF-Pro-Text-Regular.otf in Resources */,
				D04BA7C348A3CF9862394E23 /* MainMenu.xib in Resources */,
				D04BA53516E4BA2078A45481 /* InfoPlist.strings in Resources */,
				D04BAAE70D788E127E61319C /* Localizable.strings in Resources */,
				D04BABE88F8E4B54EEFC3B4D /* InfoPlist.strings in Resources */,
				D04BA6AA07BF870BAFC54DF3 /* Localizable.strings in Resources */,
				D04BA69AF6CA6723036F6EB7 /* InfoPlist.strings in Resources */,
				D04BAA98549C75DF585D2628 /* Localizable.strings in Resources */,
				D04BAC0AE7C80F8A37BBC7A5 /* InfoPlist.strings in Resources */,
				D04BAE6B5382CA561A219A54 /* Localizable.strings in Resources */,
				D04BA7B1C67F18623E6110D8 /* codesign_sparkle_embedded_apps.sh in Resources */,
			);
			runOnlyForDeploymentPostprocessing = 0;
		};
/* End PBXResourcesBuildPhase section */

/* Begin PBXShellScriptBuildPhase section */
		48B68D6C23F6412C009BF4AD /* ShellScript */ = {
			isa = PBXShellScriptBuildPhase;
			buildActionMask = 2147483647;
			files = (
			);
			inputFileListPaths = (
			);
			inputPaths = (
			);
			outputFileListPaths = (
			);
			outputPaths = (
			);
			runOnlyForDeploymentPostprocessing = 0;
			shellPath = /bin/sh;
			shellScript = "scripts/codesign_sparkle_embedded_apps.sh\n";
			showEnvVarsInLog = 0;
		};
		5968B81A43F20B6ECD92C7F7 /* [CP] Check Pods Manifest.lock */ = {
			isa = PBXShellScriptBuildPhase;
			buildActionMask = 2147483647;
			files = (
			);
			inputFileListPaths = (
			);
			inputPaths = (
				"${PODS_PODFILE_DIR_PATH}/Podfile.lock",
				"${PODS_ROOT}/Manifest.lock",
			);
			name = "[CP] Check Pods Manifest.lock";
			outputFileListPaths = (
			);
			outputPaths = (
				"$(DERIVED_FILE_DIR)/Pods-alt-tab-macos-checkManifestLockResult.txt",
			);
			runOnlyForDeploymentPostprocessing = 0;
			shellPath = /bin/sh;
			shellScript = "diff \"${PODS_PODFILE_DIR_PATH}/Podfile.lock\" \"${PODS_ROOT}/Manifest.lock\" > /dev/null\nif [ $? != 0 ] ; then\n    # print error to STDERR\n    echo \"error: The sandbox is not in sync with the Podfile.lock. Run 'pod install' or update your CocoaPods installation.\" >&2\n    exit 1\nfi\n# This output is used by Xcode 'outputs' to avoid re-running this script phase.\necho \"SUCCESS\" > \"${SCRIPT_OUTPUT_FILE_0}\"\n";
			showEnvVarsInLog = 0;
		};
		7641B7923B36478FBF4D7CCD /* [CP] Embed Pods Frameworks */ = {
			isa = PBXShellScriptBuildPhase;
			buildActionMask = 2147483647;
			files = (
			);
			inputPaths = (
				"${PODS_ROOT}/Target Support Files/Pods-alt-tab-macos/Pods-alt-tab-macos-frameworks.sh",
				"${BUILT_PRODUCTS_DIR}/LetsMove/LetsMove.framework",
				"${PODS_ROOT}/Sparkle/Sparkle.framework",
				"${PODS_ROOT}/Sparkle/Sparkle.framework.dSYM",
			);
			name = "[CP] Embed Pods Frameworks";
			outputPaths = (
				"${TARGET_BUILD_DIR}/${FRAMEWORKS_FOLDER_PATH}/LetsMove.framework",
				"${TARGET_BUILD_DIR}/${FRAMEWORKS_FOLDER_PATH}/Sparkle.framework",
				"${DWARF_DSYM_FOLDER_PATH}/Sparkle.framework.dSYM",
			);
			runOnlyForDeploymentPostprocessing = 0;
			shellPath = /bin/sh;
			shellScript = "\"${PODS_ROOT}/Target Support Files/Pods-alt-tab-macos/Pods-alt-tab-macos-frameworks.sh\"\n";
			showEnvVarsInLog = 0;
		};
/* End PBXShellScriptBuildPhase section */

/* Begin PBXSourcesBuildPhase section */
		D04BAD01F4BCEDF8B539AFD2 /* Sources */ = {
			isa = PBXSourcesBuildPhase;
			buildActionMask = 2147483647;
			files = (
				D04BAFBC862BA5FE0294EA7A /* AXUIElement.swift in Sources */,
				D04BA73E90EFEF8247A5105D /* CGWindow.swift in Sources */,
				D04BA004884A273D4D2D3EF1 /* HelperExtensions.swift in Sources */,
				D04BAADED6FE28D42924AEBF /* PrivateApis.swift in Sources */,
				D04BABED81800E18732912CC /* CGWindowID.swift in Sources */,
				D04BA26A691D56031FCCF00C /* Sysctl.swift in Sources */,
				D04BA8480A8FF466CA89DA5B /* main.swift in Sources */,
				D04BA5F99B45DC13B9E9DD91 /* Keyboard.swift in Sources */,
				D04BAFB973C3D28718FAEB87 /* Windows.swift in Sources */,
				D04BAC011A71E0418154F8CD /* Preferences.swift in Sources */,
				D04BA775CF3F8D9394A1E256 /* Screen.swift in Sources */,
				D04BADCDA9F9A6C3D6499877 /* SystemPermissions.swift in Sources */,
				D04BABEECBC6D922298BC93A /* Spaces.swift in Sources */,
				D04BA6187A91A847844B6ABB /* Window.swift in Sources */,
				D04BA737008AA2CD4E230A21 /* Application.swift in Sources */,
				D04BA2A6FF9DDDC5A1A68E36 /* Applications.swift in Sources */,
				D04BA3CF766857381519B892 /* DispatchQueues.swift in Sources */,
				D04BA48B00B4211A465C7337 /* DebugProfile.swift in Sources */,
				D04BAB68B7B8D1B548BC3AD5 /* App.swift in Sources */,
				D04BA76DDB00FC50D203D62C /* CollectionViewFlowLayout.swift in Sources */,
				D04BA6C953494839648107D1 /* CollectionViewItem.swift in Sources */,
				D04BAB048DE698E013577C51 /* ThumbnailsPanel.swift in Sources */,
				D04BA69D47B5E60A6AD9CBD9 /* CollectionViewItemTitle.swift in Sources */,
				D04BA1B133D53572D7B312C2 /* CollectionViewItemFontIcon.swift in Sources */,
				D04BA1CEC6B9C8945FEC8740 /* CollectionViewItemView.swift in Sources */,
				D04BA3BFB0CDF4ED343914B2 /* PreferencesWindow.swift in Sources */,
				D04BA691CB6082A3C39CBC89 /* TabViewController.swift in Sources */,
				D04BA14D93726795A6937832 /* LabelAndControl.swift in Sources */,
				D04BADBCF20CD72057E7CF09 /* TabViewItem.swift in Sources */,
				D04BA7BE7F3DD24D58ACE942 /* AppearanceTab.swift in Sources */,
				D04BAD1BE9DC22C48C53D195 /* AboutTab.swift in Sources */,
				D04BA15A1B0C4871EA7CB899 /* ShortcutsTab.swift in Sources */,
				D04BA8092885B40CE3527370 /* UpdatesTab.swift in Sources */,
				D04BAD451966B43720120D2E /* Menubar.swift in Sources */,
				D04BA2E64C59D96F6EB27D9D /* FeedbackWindow.swift in Sources */,
				D04BA76A74267B1346D23687 /* GridView.swift in Sources */,
				D04BAB4EB890853B5B9B2C61 /* BoldLabel.swift in Sources */,
				D04BAABE804F3769CE22BEB6 /* HyperlinkLabel.swift in Sources */,
				D04BAF25E67A5B31CF7676DB /* TextField.swift in Sources */,
				D04BAD2A7F2E8BF64EE982E9 /* TextArea.swift in Sources */,
				D04BA7F86F1926FBE31F44BF /* BaseLabel.swift in Sources */,
			);
			runOnlyForDeploymentPostprocessing = 0;
		};
/* End PBXSourcesBuildPhase section */

/* Begin PBXVariantGroup section */
		D04BA0DE428BF4C08F5E19CE /* InfoPlist.strings */ = {
			isa = PBXVariantGroup;
			children = (
				D04BACEECEFD773AC52E817C /* de */,
			);
			name = InfoPlist.strings;
			sourceTree = "<group>";
		};
		D04BA4A4B27D541B489D35CA /* InfoPlist.strings */ = {
			isa = PBXVariantGroup;
			children = (
				D04BA5E7D7A67D186B7136FE /* es */,
			);
			name = InfoPlist.strings;
			sourceTree = "<group>";
		};
		D04BA63DEDDC0BCE06588541 /* Localizable.strings */ = {
			isa = PBXVariantGroup;
			children = (
				D04BADA9F7B628E1257A3FFE /* fr */,
			);
			name = Localizable.strings;
			sourceTree = "<group>";
		};
		D04BA9DD88D87718D6A162E9 /* InfoPlist.strings */ = {
			isa = PBXVariantGroup;
			children = (
				D04BADB7FBE213951CDD81CF /* fr */,
			);
			name = InfoPlist.strings;
			sourceTree = "<group>";
		};
		D04BAD91185BD6DA6774E0C4 /* Localizable.strings */ = {
			isa = PBXVariantGroup;
			children = (
				D04BA8478F617D6F050B1C00 /* de */,
			);
			name = Localizable.strings;
			sourceTree = "<group>";
		};
		D04BAE9FE8A2ACA88429535E /* InfoPlist.strings */ = {
			isa = PBXVariantGroup;
			children = (
				D04BA0BEF67FCC92B06AA34A /* en */,
			);
			name = InfoPlist.strings;
			sourceTree = "<group>";
		};
		D04BAEBD635643E652AA79A6 /* Localizable.strings */ = {
			isa = PBXVariantGroup;
			children = (
				D04BA15346AF8E0EF471694A /* en */,
			);
			name = Localizable.strings;
			sourceTree = "<group>";
		};
		D04BAF27C7004AC98C521FCD /* Localizable.strings */ = {
			isa = PBXVariantGroup;
			children = (
				D04BA209DF87573E375C8CC3 /* es */,
			);
			name = Localizable.strings;
			sourceTree = "<group>";
		};
/* End PBXVariantGroup section */

/* Begin XCBuildConfiguration section */
		D04BA49BCED00029C5289244 /* Release */ = {
			isa = XCBuildConfiguration;
			baseConfigurationReference = D04BA62D5EACAAAD7BCD3E79 /* release.xcconfig */;
			buildSettings = {
			};
			name = Release;
		};
		D04BA6FB4EC72C6A126E86D7 /* Debug */ = {
			isa = XCBuildConfiguration;
			baseConfigurationReference = D04BA1232AFEEFE90D5CC827 /* debug.xcconfig */;
			buildSettings = {
			};
			name = Debug;
		};
		D04BA801581D700C583B53FB /* Debug */ = {
			isa = XCBuildConfiguration;
			buildSettings = {
				CLANG_ANALYZER_NONNULL = YES;
				CLANG_ANALYZER_NUMBER_OBJECT_CONVERSION = YES_AGGRESSIVE;
				CLANG_CXX_LANGUAGE_STANDARD = "gnu++14";
				CLANG_CXX_LIBRARY = "libc++";
				CLANG_ENABLE_MODULES = YES;
				CLANG_ENABLE_OBJC_ARC = YES;
				CLANG_ENABLE_OBJC_WEAK = YES;
				CLANG_WARN_BLOCK_CAPTURE_AUTORELEASING = YES;
				CLANG_WARN_BOOL_CONVERSION = YES;
				CLANG_WARN_COMMA = YES;
				CLANG_WARN_CONSTANT_CONVERSION = YES;
				CLANG_WARN_DEPRECATED_OBJC_IMPLEMENTATIONS = YES;
				CLANG_WARN_DIRECT_OBJC_ISA_USAGE = YES_ERROR;
				CLANG_WARN_DOCUMENTATION_COMMENTS = YES;
				CLANG_WARN_EMPTY_BODY = YES;
				CLANG_WARN_ENUM_CONVERSION = YES;
				CLANG_WARN_INFINITE_RECURSION = YES;
				CLANG_WARN_INT_CONVERSION = YES;
				CLANG_WARN_NON_LITERAL_NULL_CONVERSION = YES;
				CLANG_WARN_OBJC_IMPLICIT_RETAIN_SELF = YES;
				CLANG_WARN_OBJC_LITERAL_CONVERSION = YES;
				CLANG_WARN_OBJC_ROOT_CLASS = YES_ERROR;
				CLANG_WARN_RANGE_LOOP_ANALYSIS = YES;
				CLANG_WARN_STRICT_PROTOTYPES = YES;
				CLANG_WARN_SUSPICIOUS_MOVE = YES;
				CLANG_WARN_UNGUARDED_AVAILABILITY = YES_AGGRESSIVE;
				CLANG_WARN_UNREACHABLE_CODE = YES;
				CLANG_WARN__DUPLICATE_METHOD_MATCH = YES;
				COPY_PHASE_STRIP = NO;
				DEBUG_INFORMATION_FORMAT = dwarf;
				ENABLE_STRICT_OBJC_MSGSEND = YES;
				ENABLE_TESTABILITY = YES;
				GCC_C_LANGUAGE_STANDARD = gnu11;
				GCC_DYNAMIC_NO_PIC = NO;
				GCC_NO_COMMON_BLOCKS = YES;
				GCC_OPTIMIZATION_LEVEL = 0;
				GCC_PREPROCESSOR_DEFINITIONS = (
					"DEBUG=1",
					"$(inherited)",
				);
				GCC_WARN_64_TO_32_BIT_CONVERSION = YES;
				GCC_WARN_ABOUT_RETURN_TYPE = YES_ERROR;
				GCC_WARN_UNDECLARED_SELECTOR = YES;
				GCC_WARN_UNINITIALIZED_AUTOS = YES_AGGRESSIVE;
				GCC_WARN_UNUSED_FUNCTION = YES;
				GCC_WARN_UNUSED_VARIABLE = YES;
				MACOSX_DEPLOYMENT_TARGET = 10.12;
				MTL_ENABLE_DEBUG_INFO = INCLUDE_SOURCE;
				MTL_FAST_MATH = YES;
				ONLY_ACTIVE_ARCH = YES;
				SWIFT_ACTIVE_COMPILATION_CONDITIONS = DEBUG;
				SWIFT_OPTIMIZATION_LEVEL = "-Onone";
			};
			name = Debug;
		};
		D04BA9150F87B08AB0ACE4AE /* Release */ = {
			isa = XCBuildConfiguration;
			buildSettings = {
				CLANG_ANALYZER_NONNULL = YES;
				CLANG_ANALYZER_NUMBER_OBJECT_CONVERSION = YES_AGGRESSIVE;
				CLANG_CXX_LANGUAGE_STANDARD = "gnu++14";
				CLANG_CXX_LIBRARY = "libc++";
				CLANG_ENABLE_MODULES = YES;
				CLANG_ENABLE_OBJC_ARC = YES;
				CLANG_ENABLE_OBJC_WEAK = YES;
				CLANG_WARN_BLOCK_CAPTURE_AUTORELEASING = YES;
				CLANG_WARN_BOOL_CONVERSION = YES;
				CLANG_WARN_COMMA = YES;
				CLANG_WARN_CONSTANT_CONVERSION = YES;
				CLANG_WARN_DEPRECATED_OBJC_IMPLEMENTATIONS = YES;
				CLANG_WARN_DIRECT_OBJC_ISA_USAGE = YES_ERROR;
				CLANG_WARN_DOCUMENTATION_COMMENTS = YES;
				CLANG_WARN_EMPTY_BODY = YES;
				CLANG_WARN_ENUM_CONVERSION = YES;
				CLANG_WARN_INFINITE_RECURSION = YES;
				CLANG_WARN_INT_CONVERSION = YES;
				CLANG_WARN_NON_LITERAL_NULL_CONVERSION = YES;
				CLANG_WARN_OBJC_IMPLICIT_RETAIN_SELF = YES;
				CLANG_WARN_OBJC_LITERAL_CONVERSION = YES;
				CLANG_WARN_OBJC_ROOT_CLASS = YES_ERROR;
				CLANG_WARN_RANGE_LOOP_ANALYSIS = YES;
				CLANG_WARN_STRICT_PROTOTYPES = YES;
				CLANG_WARN_SUSPICIOUS_MOVE = YES;
				CLANG_WARN_UNGUARDED_AVAILABILITY = YES_AGGRESSIVE;
				CLANG_WARN_UNREACHABLE_CODE = YES;
				CLANG_WARN__DUPLICATE_METHOD_MATCH = YES;
				COPY_PHASE_STRIP = NO;
				DEBUG_INFORMATION_FORMAT = "dwarf-with-dsym";
				ENABLE_NS_ASSERTIONS = NO;
				ENABLE_STRICT_OBJC_MSGSEND = YES;
				GCC_C_LANGUAGE_STANDARD = gnu11;
				GCC_NO_COMMON_BLOCKS = YES;
				GCC_WARN_64_TO_32_BIT_CONVERSION = YES;
				GCC_WARN_ABOUT_RETURN_TYPE = YES_ERROR;
				GCC_WARN_UNDECLARED_SELECTOR = YES;
				GCC_WARN_UNINITIALIZED_AUTOS = YES_AGGRESSIVE;
				GCC_WARN_UNUSED_FUNCTION = YES;
				GCC_WARN_UNUSED_VARIABLE = YES;
				MACOSX_DEPLOYMENT_TARGET = 10.12;
				MTL_ENABLE_DEBUG_INFO = NO;
				MTL_FAST_MATH = YES;
				SWIFT_OPTIMIZATION_LEVEL = "-Owholemodule";
			};
			name = Release;
		};
/* End XCBuildConfiguration section */

/* Begin XCConfigurationList section */
		D04BA4D71CBB2FA4B9947B10 /* Build configuration list for PBXNativeTarget "alt-tab-macos" */ = {
			isa = XCConfigurationList;
			buildConfigurations = (
				D04BA6FB4EC72C6A126E86D7 /* Debug */,
				D04BA49BCED00029C5289244 /* Release */,
			);
			defaultConfigurationIsVisible = 0;
			defaultConfigurationName = Release;
		};
		D04BA83C9495F252D87CDF0F /* Build configuration list for PBXProject "alt-tab-macos" */ = {
			isa = XCConfigurationList;
			buildConfigurations = (
				D04BA801581D700C583B53FB /* Debug */,
				D04BA9150F87B08AB0ACE4AE /* Release */,
			);
			defaultConfigurationIsVisible = 0;
			defaultConfigurationName = Release;
		};
/* End XCConfigurationList section */
	};
	rootObject = D04BA59EB5ED6F005E8F4407 /* Project object */;
}
