// !$*UTF8*$!
{
	archiveVersion = 1;
	classes = {
	};
	objectVersion = 46;
	objects = {

/* Begin PBXBuildFile section */
		4807A6C623A9CD190052A53E /* SkyLight.framework in Frameworks */ = {isa = PBXBuildFile; fileRef = 4807A6C523A9CD190052A53E /* SkyLight.framework */; };
		D04BA02DD4152997C32CF50B /* StatusItem.swift in Sources */ = {isa = PBXBuildFile; fileRef = D04BA0AF7C5DCF367FBB663C /* StatusItem.swift */; };
		D04BA0496ACF1427B6E9D369 /* CGWindow.swift in Sources */ = {isa = PBXBuildFile; fileRef = D04BA78E3B4E73B40DB77174 /* CGWindow.swift */; };
		D04BA1BA0B3F2E0A47883569 /* Application.swift in Sources */ = {isa = PBXBuildFile; fileRef = D04BAF13DFAA6930676D0492 /* Application.swift */; };
		D04BA20D4A240843293B3B52 /* Cell.swift in Sources */ = {isa = PBXBuildFile; fileRef = D04BA56355579F78776E6D51 /* Cell.swift */; };
		D04BA2378832FD7E5DE3BC23 /* Applications.swift in Sources */ = {isa = PBXBuildFile; fileRef = D04BA66B5B4143D2238F50B9 /* Applications.swift */; };
		D04BA278D9EFA568C8D18A4C /* Windows.swift in Sources */ = {isa = PBXBuildFile; fileRef = D04BAD1BED44EAEB77FED8A4 /* Windows.swift */; };
		D04BA2CBF0EFA04CC80EC1BC /* Window.swift in Sources */ = {isa = PBXBuildFile; fileRef = D04BAE80772D25834E440975 /* Window.swift */; };
		D04BA308162F8043F8561D03 /* AXUIElement.swift in Sources */ = {isa = PBXBuildFile; fileRef = D04BA40A4291E4F310527DBF /* AXUIElement.swift */; };
		D04BA3261C7DA5F48310E654 /* App.swift in Sources */ = {isa = PBXBuildFile; fileRef = D04BA90C6C36DB1D65BC2B66 /* App.swift */; };
		D04BA4D356055A39B97712DE /* PrivateApis.swift in Sources */ = {isa = PBXBuildFile; fileRef = D04BAF0DFC1F44322973CE1E /* PrivateApis.swift */; };
		D04BA57A871B7269BEBAFF84 /* Keyboard.swift in Sources */ = {isa = PBXBuildFile; fileRef = D04BA35456DA0DDA74F9687E /* Keyboard.swift */; };
		D04BA57FB9EF1373D59A1AA7 /* CGWindowID.swift in Sources */ = {isa = PBXBuildFile; fileRef = D04BAEA3EDC4F80FA23DBEC4 /* CGWindowID.swift */; };
		D04BA6368E681BE3A408AC99 /* PreferencesWindow.swift in Sources */ = {isa = PBXBuildFile; fileRef = D04BA02F476DE30C4647886C /* PreferencesWindow.swift */; };
		D04BA6B6B703DCEFE892D5A4 /* Spaces.swift in Sources */ = {isa = PBXBuildFile; fileRef = D04BA5EB5ED248C8C22CC672 /* Spaces.swift */; };
		D04BA70FF7262BF5F9E6E13B /* Preferences.swift in Sources */ = {isa = PBXBuildFile; fileRef = D04BADCB1C0F50340A6CAFC2 /* Preferences.swift */; };
		D04BA8373D4DE452C0C081ED /* SF-Pro-Text-Regular.otf in Resources */ = {isa = PBXBuildFile; fileRef = D04BABC654F40BE74DA25BC7 /* SF-Pro-Text-Regular.otf */; };
		D04BA8EBC0365A019A27C7EA /* Screen.swift in Sources */ = {isa = PBXBuildFile; fileRef = D04BA3F15EAE8D8C39B6F2CF /* Screen.swift */; };
		D04BA9119E2329DB5A35B3C7 /* ThumbnailsPanel.swift in Sources */ = {isa = PBXBuildFile; fileRef = D04BAE5BBE182DD5DDFE2E3E /* ThumbnailsPanel.swift */; };
		D04BA960DDD1D32A3019C835 /* CollectionViewCenterFlowLayout.swift in Sources */ = {isa = PBXBuildFile; fileRef = D04BA3202A2C22C347E849B3 /* CollectionViewCenterFlowLayout.swift */; };
		D04BA9CCE02D30C8164A552A /* SystemPermissions.swift in Sources */ = {isa = PBXBuildFile; fileRef = D04BA2D2AD6B1CCA3F3A4DD7 /* SystemPermissions.swift */; };
		D04BAAD43731608067734ED3 /* DispatchQueues.swift in Sources */ = {isa = PBXBuildFile; fileRef = D04BA56E285C3FCDA52ED262 /* DispatchQueues.swift */; };
		D04BAD4DE538FDF7E7532EE2 /* Labels.swift in Sources */ = {isa = PBXBuildFile; fileRef = D04BAD32E130E4A061DC8332 /* Labels.swift */; };
		D04BAE2E8E9B9898A4DF9B3B /* FontIcon.swift in Sources */ = {isa = PBXBuildFile; fileRef = D04BAED53465957807CBF8B2 /* FontIcon.swift */; };
		D04BAE369A14C3126A1606FE /* HelperExtensions.swift in Sources */ = {isa = PBXBuildFile; fileRef = D04BA8F1AA48A323EE5638DC /* HelperExtensions.swift */; };
		D04BAEF78503D7A2CEFB9E9E /* main.swift in Sources */ = {isa = PBXBuildFile; fileRef = D04BAA44C837F3A67403B9DB /* main.swift */; };
		F029861A378EC1417106FEC3 /* TextField.swift in Sources */ = {isa = PBXBuildFile; fileRef = F0298E42A818112B290FF6C7 /* TextField.swift */; };
		F0298AB28A3CE5DBEC385730 /* HyperlinkLabel.swift in Sources */ = {isa = PBXBuildFile; fileRef = F0298708E2B13DBD4738AE76 /* HyperlinkLabel.swift */; };
/* End PBXBuildFile section */

/* Begin PBXFileReference section */
		4807A6C523A9CD190052A53E /* SkyLight.framework */ = {isa = PBXFileReference; lastKnownFileType = wrapper.framework; name = SkyLight.framework; path = ../../../../System/Library/PrivateFrameworks/SkyLight.framework; sourceTree = "<group>"; };
		D04BA02F476DE30C4647886C /* PreferencesWindow.swift */ = {isa = PBXFileReference; fileEncoding = 4; lastKnownFileType = sourcecode.swift; path = PreferencesWindow.swift; sourceTree = "<group>"; };
		D04BA0AF7C5DCF367FBB663C /* StatusItem.swift */ = {isa = PBXFileReference; fileEncoding = 4; lastKnownFileType = sourcecode.swift; path = StatusItem.swift; sourceTree = "<group>"; };
		D04BA0CE87BE264C52987ED1 /* 7 windows - 2 lines - wide window.jpg */ = {isa = PBXFileReference; lastKnownFileType = image.jpeg; path = "7 windows - 2 lines - wide window.jpg"; sourceTree = "<group>"; };
		D04BA0E1C5DBC07108AC2F54 /* README.md */ = {isa = PBXFileReference; fileEncoding = 4; lastKnownFileType = net.daringfireball.markdown; path = README.md; sourceTree = "<group>"; };
		D04BA0F5EB832B8E142B654B /* 4 windows - 1 line.jpg */ = {isa = PBXFileReference; lastKnownFileType = image.jpeg; path = "4 windows - 1 line.jpg"; sourceTree = "<group>"; };
		D04BA107C8B8FE7FF8536606 /* too many windows - 4 lines - paginated.jpg */ = {isa = PBXFileReference; lastKnownFileType = image.jpeg; path = "too many windows - 4 lines - paginated.jpg"; sourceTree = "<group>"; };
		D04BA1D80F4EEF2A91BAD29C /* release.config.js */ = {isa = PBXFileReference; fileEncoding = 4; lastKnownFileType = sourcecode.javascript; path = release.config.js; sourceTree = "<group>"; };
		D04BA1FC9022590D7AA02486 /* 1 window - 1 line.jpg */ = {isa = PBXFileReference; lastKnownFileType = image.jpeg; path = "1 window - 1 line.jpg"; sourceTree = "<group>"; };
		D04BA26154AB2A2897E08CAF /* windows-theme.jpg */ = {isa = PBXFileReference; lastKnownFileType = image.jpeg; path = "windows-theme.jpg"; sourceTree = "<group>"; };
		D04BA2C7B51F68651B3C60E2 /* 6 windows - 1 line.jpg */ = {isa = PBXFileReference; lastKnownFileType = image.jpeg; path = "6 windows - 1 line.jpg"; sourceTree = "<group>"; };
		D04BA2D2AD6B1CCA3F3A4DD7 /* SystemPermissions.swift */ = {isa = PBXFileReference; fileEncoding = 4; lastKnownFileType = sourcecode.swift; path = SystemPermissions.swift; sourceTree = "<group>"; };
		D04BA3202A2C22C347E849B3 /* CollectionViewCenterFlowLayout.swift */ = {isa = PBXFileReference; fileEncoding = 4; lastKnownFileType = sourcecode.swift; path = CollectionViewCenterFlowLayout.swift; sourceTree = "<group>"; };
		D04BA32F25860B686DFE818A /* 3 windows - 1 line.jpg */ = {isa = PBXFileReference; lastKnownFileType = image.jpeg; path = "3 windows - 1 line.jpg"; sourceTree = "<group>"; };
		D04BA35456DA0DDA74F9687E /* Keyboard.swift */ = {isa = PBXFileReference; fileEncoding = 4; lastKnownFileType = sourcecode.swift; path = Keyboard.swift; sourceTree = "<group>"; };
		D04BA3F15EAE8D8C39B6F2CF /* Screen.swift */ = {isa = PBXFileReference; fileEncoding = 4; lastKnownFileType = sourcecode.swift; path = Screen.swift; sourceTree = "<group>"; };
		D04BA40A4291E4F310527DBF /* AXUIElement.swift */ = {isa = PBXFileReference; fileEncoding = 4; lastKnownFileType = sourcecode.swift; path = AXUIElement.swift; sourceTree = "<group>"; };
		D04BA4336B6004A0A99849AD /* package.json */ = {isa = PBXFileReference; fileEncoding = 4; lastKnownFileType = text.json; path = package.json; sourceTree = "<group>"; };
		D04BA459034C1885CA43A807 /* LICENCE.md */ = {isa = PBXFileReference; fileEncoding = 4; lastKnownFileType = net.daringfireball.markdown; path = LICENCE.md; sourceTree = "<group>"; };
		D04BA4B5292629AA6B560216 /* package_release.sh */ = {isa = PBXFileReference; fileEncoding = 4; lastKnownFileType = text.script.sh; path = package_release.sh; sourceTree = "<group>"; };
		D04BA4F23325560BC0BCDDB7 /* 7 windows - 2 lines - tall window.jpg */ = {isa = PBXFileReference; lastKnownFileType = image.jpeg; path = "7 windows - 2 lines - tall window.jpg"; sourceTree = "<group>"; };
		D04BA51D43775E57CE91154A /* 3 windows - 1 line - wide window.jpg */ = {isa = PBXFileReference; lastKnownFileType = image.jpeg; path = "3 windows - 1 line - wide window.jpg"; sourceTree = "<group>"; };
		D04BA56355579F78776E6D51 /* Cell.swift */ = {isa = PBXFileReference; fileEncoding = 4; lastKnownFileType = sourcecode.swift; path = Cell.swift; sourceTree = "<group>"; };
		D04BA56E285C3FCDA52ED262 /* DispatchQueues.swift */ = {isa = PBXFileReference; fileEncoding = 4; lastKnownFileType = sourcecode.swift; path = DispatchQueues.swift; sourceTree = "<group>"; };
		D04BA5ABFA5457A86536E2E4 /* 5 windows - 1 line.jpg */ = {isa = PBXFileReference; lastKnownFileType = image.jpeg; path = "5 windows - 1 line.jpg"; sourceTree = "<group>"; };
		D04BA5E819181CB83C5602C7 /* generate_debug_certificate.sh */ = {isa = PBXFileReference; fileEncoding = 4; lastKnownFileType = text.script.sh; path = generate_debug_certificate.sh; sourceTree = "<group>"; };
		D04BA5EB5ED248C8C22CC672 /* Spaces.swift */ = {isa = PBXFileReference; fileEncoding = 4; lastKnownFileType = sourcecode.swift; path = Spaces.swift; sourceTree = "<group>"; };
		D04BA66B5B4143D2238F50B9 /* Applications.swift */ = {isa = PBXFileReference; fileEncoding = 4; lastKnownFileType = sourcecode.swift; path = Applications.swift; sourceTree = "<group>"; };
		D04BA78E3B4E73B40DB77174 /* CGWindow.swift */ = {isa = PBXFileReference; fileEncoding = 4; lastKnownFileType = sourcecode.swift; path = CGWindow.swift; sourceTree = "<group>"; };
		D04BA7B6AAB0812631BBC7A2 /* Info.plist */ = {isa = PBXFileReference; fileEncoding = 4; lastKnownFileType = text.plist.info; path = Info.plist; sourceTree = "<group>"; };
		D04BA7ECCE728582D9ECA613 /* determine_version.sh */ = {isa = PBXFileReference; fileEncoding = 4; lastKnownFileType = text.script.sh; path = determine_version.sh; sourceTree = "<group>"; };
		D04BA82F792DF53958D92572 /* alt-tab-macos.app */ = {isa = PBXFileReference; explicitFileType = wrapper.application; includeInIndex = 0; path = "alt-tab-macos.app"; sourceTree = BUILT_PRODUCTS_DIR; };
		D04BA89FAEC4A5734D892C4B /* build_release.sh */ = {isa = PBXFileReference; fileEncoding = 4; lastKnownFileType = text.script.sh; path = build_release.sh; sourceTree = "<group>"; };
		D04BA8F1AA48A323EE5638DC /* HelperExtensions.swift */ = {isa = PBXFileReference; fileEncoding = 4; lastKnownFileType = sourcecode.swift; path = HelperExtensions.swift; sourceTree = "<group>"; };
		D04BA90C6C36DB1D65BC2B66 /* App.swift */ = {isa = PBXFileReference; fileEncoding = 4; lastKnownFileType = sourcecode.swift; path = App.swift; sourceTree = "<group>"; };
		D04BA92541D46EA4F6943A72 /* package-lock.json */ = {isa = PBXFileReference; fileEncoding = 4; lastKnownFileType = text.json; path = "package-lock.json"; sourceTree = "<group>"; };
		D04BA9EF65B2E7AF9E3ADCA3 /* 2 windows - 1 line.jpg */ = {isa = PBXFileReference; lastKnownFileType = image.jpeg; path = "2 windows - 1 line.jpg"; sourceTree = "<group>"; };
		D04BAA34E0CB00DED7C04B4F /* 2-rows.jpg */ = {isa = PBXFileReference; lastKnownFileType = image.jpeg; path = "2-rows.jpg"; sourceTree = "<group>"; };
		D04BAA44C837F3A67403B9DB /* main.swift */ = {isa = PBXFileReference; fileEncoding = 4; lastKnownFileType = sourcecode.swift; path = main.swift; sourceTree = "<group>"; };
		D04BAB6652494D7575057E86 /* 14 windows - 3 lines.jpg */ = {isa = PBXFileReference; lastKnownFileType = image.jpeg; path = "14 windows - 3 lines.jpg"; sourceTree = "<group>"; };
		D04BABC654F40BE74DA25BC7 /* SF-Pro-Text-Regular.otf */ = {isa = PBXFileReference; lastKnownFileType = file.otf; path = "SF-Pro-Text-Regular.otf"; sourceTree = "<group>"; };
		D04BAC02D60EF22D9CC7D969 /* commitlint.config.js */ = {isa = PBXFileReference; fileEncoding = 4; lastKnownFileType = sourcecode.javascript; path = commitlint.config.js; sourceTree = "<group>"; };
		D04BAC159731F80FDAF4EA6C /* 1-row.jpg */ = {isa = PBXFileReference; lastKnownFileType = image.jpeg; path = "1-row.jpg"; sourceTree = "<group>"; };
		D04BAC6AFC7F06D1A567F27A /* set_version_in_app.sh */ = {isa = PBXFileReference; fileEncoding = 4; lastKnownFileType = text.script.sh; path = set_version_in_app.sh; sourceTree = "<group>"; };
		D04BAD1BED44EAEB77FED8A4 /* Windows.swift */ = {isa = PBXFileReference; fileEncoding = 4; lastKnownFileType = sourcecode.swift; path = Windows.swift; sourceTree = "<group>"; };
		D04BAD1C9F215BCCD3B620AC /* alt_tab_macos.entitlements */ = {isa = PBXFileReference; lastKnownFileType = text.plist.entitlements; path = alt_tab_macos.entitlements; sourceTree = "<group>"; };
		D04BAD32E130E4A061DC8332 /* Labels.swift */ = {isa = PBXFileReference; fileEncoding = 4; lastKnownFileType = sourcecode.swift; path = Labels.swift; sourceTree = "<group>"; };
		D04BAD40CE2D3A8AAC3819D0 /* .gitignore */ = {isa = PBXFileReference; lastKnownFileType = file.gitignore; path = .gitignore; sourceTree = "<group>"; };
		D04BAD7D8F3CC2C36C8769C6 /* .travis.yml */ = {isa = PBXFileReference; lastKnownFileType = file.yml; path = .travis.yml; sourceTree = "<group>"; };
		D04BAD82F652C4ED5D8BF7AE /* 3 windows - 1 line - tall window.jpg */ = {isa = PBXFileReference; lastKnownFileType = image.jpeg; path = "3 windows - 1 line - tall window.jpg"; sourceTree = "<group>"; };
		D04BADB20AB31BF83593E0BE /* greetings.yml */ = {isa = PBXFileReference; fileEncoding = 4; lastKnownFileType = text.yaml; path = greetings.yml; sourceTree = "<group>"; };
		D04BADCB1C0F50340A6CAFC2 /* Preferences.swift */ = {isa = PBXFileReference; fileEncoding = 4; lastKnownFileType = sourcecode.swift; path = Preferences.swift; sourceTree = "<group>"; };
		D04BAE1243C9B4BE3ED1B524 /* 7 windows - 2 lines - extra wide window.jpg */ = {isa = PBXFileReference; lastKnownFileType = image.jpeg; path = "7 windows - 2 lines - extra wide window.jpg"; sourceTree = "<group>"; };
		D04BAE5BBE182DD5DDFE2E3E /* ThumbnailsPanel.swift */ = {isa = PBXFileReference; fileEncoding = 4; lastKnownFileType = sourcecode.swift; path = ThumbnailsPanel.swift; sourceTree = "<group>"; };
		D04BAE80772D25834E440975 /* Window.swift */ = {isa = PBXFileReference; fileEncoding = 4; lastKnownFileType = sourcecode.swift; path = Window.swift; sourceTree = "<group>"; };
		D04BAE93A5854C501639C640 /* update_homebrew_cask.sh */ = {isa = PBXFileReference; fileEncoding = 4; lastKnownFileType = text.script.sh; path = update_homebrew_cask.sh; sourceTree = "<group>"; };
		D04BAEA3EDC4F80FA23DBEC4 /* CGWindowID.swift */ = {isa = PBXFileReference; fileEncoding = 4; lastKnownFileType = sourcecode.swift; path = CGWindowID.swift; sourceTree = "<group>"; };
		D04BAED53465957807CBF8B2 /* FontIcon.swift */ = {isa = PBXFileReference; fileEncoding = 4; lastKnownFileType = sourcecode.swift; path = FontIcon.swift; sourceTree = "<group>"; };
		D04BAF076A30A1BAFEDBEA66 /* 5 windows - 2 lines.jpg */ = {isa = PBXFileReference; lastKnownFileType = image.jpeg; path = "5 windows - 2 lines.jpg"; sourceTree = "<group>"; };
		D04BAF0DFC1F44322973CE1E /* PrivateApis.swift */ = {isa = PBXFileReference; fileEncoding = 4; lastKnownFileType = sourcecode.swift; path = PrivateApis.swift; sourceTree = "<group>"; };
		D04BAF13DFAA6930676D0492 /* Application.swift */ = {isa = PBXFileReference; fileEncoding = 4; lastKnownFileType = sourcecode.swift; path = Application.swift; sourceTree = "<group>"; };
		D04BAF249324297C07E31164 /* frontpage.jpg */ = {isa = PBXFileReference; lastKnownFileType = image.jpeg; path = frontpage.jpg; sourceTree = "<group>"; };
		D04BAFA277EAE3BDDDB61110 /* CHANGELOG.md */ = {isa = PBXFileReference; fileEncoding = 4; lastKnownFileType = net.daringfireball.markdown; path = CHANGELOG.md; sourceTree = "<group>"; };
		F0298708E2B13DBD4738AE76 /* HyperlinkLabel.swift */ = {isa = PBXFileReference; fileEncoding = 4; lastKnownFileType = sourcecode.swift; path = HyperlinkLabel.swift; sourceTree = "<group>"; };
		F0298E42A818112B290FF6C7 /* TextField.swift */ = {isa = PBXFileReference; fileEncoding = 4; lastKnownFileType = sourcecode.swift; path = TextField.swift; sourceTree = "<group>"; };
/* End PBXFileReference section */

/* Begin PBXFrameworksBuildPhase section */
		D04BA82F32FB183F65DC3E42 /* Frameworks */ = {
			isa = PBXFrameworksBuildPhase;
			buildActionMask = 2147483647;
			files = (
				4807A6C623A9CD190052A53E /* SkyLight.framework in Frameworks */,
			);
			runOnlyForDeploymentPostprocessing = 0;
		};
/* End PBXFrameworksBuildPhase section */

/* Begin PBXGroup section */
		4807A6C423A9CD190052A53E /* Frameworks */ = {
			isa = PBXGroup;
			children = (
				4807A6C523A9CD190052A53E /* SkyLight.framework */,
			);
			name = Frameworks;
			sourceTree = "<group>";
		};
		D04BA1463D2A17038222BB84 = {
			isa = PBXGroup;
			children = (
				D04BA1A461BBB5A9BE15E015 /* Products */,
				D04BAD48B702C4B1DC543557 /* alt-tab-macos */,
				D04BAD40CE2D3A8AAC3819D0 /* .gitignore */,
				D04BA0E1C5DBC07108AC2F54 /* README.md */,
				D04BAD1F5F5D4427DEA16682 /* docs */,
				D04BAD7D8F3CC2C36C8769C6 /* .travis.yml */,
				D04BA1D80F4EEF2A91BAD29C /* release.config.js */,
				D04BAC02D60EF22D9CC7D969 /* commitlint.config.js */,
				D04BA4336B6004A0A99849AD /* package.json */,
				D04BA92541D46EA4F6943A72 /* package-lock.json */,
				D04BAFA277EAE3BDDDB61110 /* CHANGELOG.md */,
				D04BA703DCD38D9757093312 /* ci */,
				D04BA459034C1885CA43A807 /* LICENCE.md */,
				D04BA2C9EF33A646D0977195 /* .github */,
				4807A6C423A9CD190052A53E /* Frameworks */,
			);
			sourceTree = "<group>";
		};
		D04BA1A461BBB5A9BE15E015 /* Products */ = {
			isa = PBXGroup;
			children = (
				D04BA82F792DF53958D92572 /* alt-tab-macos.app */,
			);
			name = Products;
			sourceTree = "<group>";
		};
		D04BA22D2CA2755FA5902C34 /* api-wrappers */ = {
			isa = PBXGroup;
			children = (
				D04BA40A4291E4F310527DBF /* AXUIElement.swift */,
				D04BA78E3B4E73B40DB77174 /* CGWindow.swift */,
				D04BA8F1AA48A323EE5638DC /* HelperExtensions.swift */,
				D04BAF0DFC1F44322973CE1E /* PrivateApis.swift */,
				D04BAEA3EDC4F80FA23DBEC4 /* CGWindowID.swift */,
			);
			path = "api-wrappers";
			sourceTree = "<group>";
		};
		D04BA2C9EF33A646D0977195 /* .github */ = {
			isa = PBXGroup;
			children = (
				D04BAE05121D54E4FF6AEDAF /* workflows */,
			);
			path = .github;
			sourceTree = "<group>";
		};
		D04BA502DEE6E54E9987BAB7 /* windows-10 */ = {
			isa = PBXGroup;
			children = (
				D04BA32F25860B686DFE818A /* 3 windows - 1 line.jpg */,
				D04BAB6652494D7575057E86 /* 14 windows - 3 lines.jpg */,
				D04BAD82F652C4ED5D8BF7AE /* 3 windows - 1 line - tall window.jpg */,
				D04BA4F23325560BC0BCDDB7 /* 7 windows - 2 lines - tall window.jpg */,
				D04BA2C7B51F68651B3C60E2 /* 6 windows - 1 line.jpg */,
				D04BA107C8B8FE7FF8536606 /* too many windows - 4 lines - paginated.jpg */,
				D04BA5ABFA5457A86536E2E4 /* 5 windows - 1 line.jpg */,
				D04BA0F5EB832B8E142B654B /* 4 windows - 1 line.jpg */,
				D04BA1FC9022590D7AA02486 /* 1 window - 1 line.jpg */,
				D04BA9EF65B2E7AF9E3ADCA3 /* 2 windows - 1 line.jpg */,
				D04BA51D43775E57CE91154A /* 3 windows - 1 line - wide window.jpg */,
				D04BAF076A30A1BAFEDBEA66 /* 5 windows - 2 lines.jpg */,
				D04BA0CE87BE264C52987ED1 /* 7 windows - 2 lines - wide window.jpg */,
				D04BAE1243C9B4BE3ED1B524 /* 7 windows - 2 lines - extra wide window.jpg */,
			);
			path = "windows-10";
			sourceTree = "<group>";
		};
		D04BA5A0E9C82F7579CD2B78 /* resources */ = {
			isa = PBXGroup;
			children = (
				D04BABC654F40BE74DA25BC7 /* SF-Pro-Text-Regular.otf */,
			);
			path = resources;
			sourceTree = "<group>";
		};
		D04BA63877FC8FB11C43C3D2 /* alt-tab-macos */ = {
			isa = PBXGroup;
			children = (
				D04BA26154AB2A2897E08CAF /* windows-theme.jpg */,
				D04BAA34E0CB00DED7C04B4F /* 2-rows.jpg */,
				D04BAC159731F80FDAF4EA6C /* 1-row.jpg */,
				D04BAF249324297C07E31164 /* frontpage.jpg */,
			);
			path = "alt-tab-macos";
			sourceTree = "<group>";
		};
		D04BA703DCD38D9757093312 /* ci */ = {
			isa = PBXGroup;
			children = (
				D04BA7ECCE728582D9ECA613 /* determine_version.sh */,
				D04BA4B5292629AA6B560216 /* package_release.sh */,
				D04BAC6AFC7F06D1A567F27A /* set_version_in_app.sh */,
				D04BAE93A5854C501639C640 /* update_homebrew_cask.sh */,
				D04BA5E819181CB83C5602C7 /* generate_debug_certificate.sh */,
				D04BA89FAEC4A5734D892C4B /* build_release.sh */,
			);
			path = ci;
			sourceTree = "<group>";
		};
		D04BAA1C553891551B903DA7 /* logic */ = {
			isa = PBXGroup;
			children = (
				D04BA35456DA0DDA74F9687E /* Keyboard.swift */,
				D04BAD1BED44EAEB77FED8A4 /* Windows.swift */,
				D04BADCB1C0F50340A6CAFC2 /* Preferences.swift */,
				D04BA3F15EAE8D8C39B6F2CF /* Screen.swift */,
				D04BA2D2AD6B1CCA3F3A4DD7 /* SystemPermissions.swift */,
				D04BA5EB5ED248C8C22CC672 /* Spaces.swift */,
				D04BAE80772D25834E440975 /* Window.swift */,
				D04BAF13DFAA6930676D0492 /* Application.swift */,
				D04BA66B5B4143D2238F50B9 /* Applications.swift */,
				D04BA56E285C3FCDA52ED262 /* DispatchQueues.swift */,
			);
			path = logic;
			sourceTree = "<group>";
		};
		D04BAAA28315301A906DD201 /* ui */ = {
			isa = PBXGroup;
			children = (
				D04BA3202A2C22C347E849B3 /* CollectionViewCenterFlowLayout.swift */,
				D04BA56355579F78776E6D51 /* Cell.swift */,
				D04BA90C6C36DB1D65BC2B66 /* App.swift */,
				D04BA02F476DE30C4647886C /* PreferencesWindow.swift */,
				D04BAE5BBE182DD5DDFE2E3E /* ThumbnailsPanel.swift */,
				D04BA0AF7C5DCF367FBB663C /* StatusItem.swift */,
				D04BAD32E130E4A061DC8332 /* Labels.swift */,
				F0298E42A818112B290FF6C7 /* TextField.swift */,
				F0298708E2B13DBD4738AE76 /* HyperlinkLabel.swift */,
				D04BAED53465957807CBF8B2 /* FontIcon.swift */,
			);
			path = ui;
			sourceTree = "<group>";
		};
		D04BAAB62DCBD7AF93B7EF89 /* img */ = {
			isa = PBXGroup;
			children = (
				D04BA502DEE6E54E9987BAB7 /* windows-10 */,
				D04BA63877FC8FB11C43C3D2 /* alt-tab-macos */,
			);
			path = img;
			sourceTree = "<group>";
		};
		D04BAD1F5F5D4427DEA16682 /* docs */ = {
			isa = PBXGroup;
			children = (
				D04BAAB62DCBD7AF93B7EF89 /* img */,
			);
			path = docs;
			sourceTree = "<group>";
		};
		D04BAD48B702C4B1DC543557 /* alt-tab-macos */ = {
			isa = PBXGroup;
			children = (
				D04BAD1C9F215BCCD3B620AC /* alt_tab_macos.entitlements */,
				D04BAAA28315301A906DD201 /* ui */,
				D04BA7B6AAB0812631BBC7A2 /* Info.plist */,
				D04BAA44C837F3A67403B9DB /* main.swift */,
				D04BAA1C553891551B903DA7 /* logic */,
				D04BA22D2CA2755FA5902C34 /* api-wrappers */,
				D04BA5A0E9C82F7579CD2B78 /* resources */,
			);
			path = "alt-tab-macos";
			sourceTree = "<group>";
		};
		D04BAE05121D54E4FF6AEDAF /* workflows */ = {
			isa = PBXGroup;
			children = (
				D04BADB20AB31BF83593E0BE /* greetings.yml */,
			);
			path = workflows;
			sourceTree = "<group>";
		};
/* End PBXGroup section */

/* Begin PBXNativeTarget section */
		D04BA5E73DAF232ADE11C97A /* alt-tab-macos */ = {
			isa = PBXNativeTarget;
			buildConfigurationList = D04BA4D71CBB2FA4B9947B10 /* Build configuration list for PBXNativeTarget "alt-tab-macos" */;
			buildPhases = (
				D04BAD01F4BCEDF8B539AFD2 /* Sources */,
				D04BA82F32FB183F65DC3E42 /* Frameworks */,
				D04BA96F3DC99263120BCD21 /* Resources */,
			);
			buildRules = (
			);
			dependencies = (
			);
			name = "alt-tab-macos";
			productName = "alt-tab-macos";
			productReference = D04BA82F792DF53958D92572 /* alt-tab-macos.app */;
			productType = "com.apple.product-type.application";
		};
/* End PBXNativeTarget section */

/* Begin PBXProject section */
		D04BA59EB5ED6F005E8F4407 /* Project object */ = {
			isa = PBXProject;
			attributes = {
				ORGANIZATIONNAME = lwouis;
			};
			buildConfigurationList = D04BA83C9495F252D87CDF0F /* Build configuration list for PBXProject "alt-tab-macos" */;
			compatibilityVersion = "Xcode 3.2";
			developmentRegion = English;
			hasScannedForEncodings = 0;
			knownRegions = (
				English,
				en,
			);
			mainGroup = D04BA1463D2A17038222BB84;
			productRefGroup = D04BA1A461BBB5A9BE15E015 /* Products */;
			projectDirPath = "";
			projectRoot = "";
			targets = (
				D04BA5E73DAF232ADE11C97A /* alt-tab-macos */,
			);
		};
/* End PBXProject section */

/* Begin PBXResourcesBuildPhase section */
		D04BA96F3DC99263120BCD21 /* Resources */ = {
			isa = PBXResourcesBuildPhase;
			buildActionMask = 2147483647;
			files = (
				D04BA8373D4DE452C0C081ED /* SF-Pro-Text-Regular.otf in Resources */,
			);
			runOnlyForDeploymentPostprocessing = 0;
		};
/* End PBXResourcesBuildPhase section */

/* Begin PBXSourcesBuildPhase section */
		D04BAD01F4BCEDF8B539AFD2 /* Sources */ = {
			isa = PBXSourcesBuildPhase;
			buildActionMask = 2147483647;
			files = (
				D04BA960DDD1D32A3019C835 /* CollectionViewCenterFlowLayout.swift in Sources */,
				D04BAEF78503D7A2CEFB9E9E /* main.swift in Sources */,
				D04BA20D4A240843293B3B52 /* Cell.swift in Sources */,
				D04BA57A871B7269BEBAFF84 /* Keyboard.swift in Sources */,
				D04BA278D9EFA568C8D18A4C /* Windows.swift in Sources */,
				D04BA3261C7DA5F48310E654 /* App.swift in Sources */,
				D04BA70FF7262BF5F9E6E13B /* Preferences.swift in Sources */,
				D04BA6368E681BE3A408AC99 /* PreferencesWindow.swift in Sources */,
				D04BA9119E2329DB5A35B3C7 /* ThumbnailsPanel.swift in Sources */,
				D04BA8EBC0365A019A27C7EA /* Screen.swift in Sources */,
				D04BA9CCE02D30C8164A552A /* SystemPermissions.swift in Sources */,
				D04BA02DD4152997C32CF50B /* StatusItem.swift in Sources */,
				D04BAD4DE538FDF7E7532EE2 /* Labels.swift in Sources */,
				F029861A378EC1417106FEC3 /* TextField.swift in Sources */,
				F0298AB28A3CE5DBEC385730 /* HyperlinkLabel.swift in Sources */,
				D04BA308162F8043F8561D03 /* AXUIElement.swift in Sources */,
				D04BA0496ACF1427B6E9D369 /* CGWindow.swift in Sources */,
				D04BAE369A14C3126A1606FE /* HelperExtensions.swift in Sources */,
				D04BAE2E8E9B9898A4DF9B3B /* FontIcon.swift in Sources */,
				D04BA4D356055A39B97712DE /* PrivateApis.swift in Sources */,
				D04BA6B6B703DCEFE892D5A4 /* Spaces.swift in Sources */,
				D04BA2CBF0EFA04CC80EC1BC /* Window.swift in Sources */,
				D04BA57FB9EF1373D59A1AA7 /* CGWindowID.swift in Sources */,
				D04BA1BA0B3F2E0A47883569 /* Application.swift in Sources */,
				D04BA2378832FD7E5DE3BC23 /* Applications.swift in Sources */,
				D04BAAD43731608067734ED3 /* DispatchQueues.swift in Sources */,
			);
			runOnlyForDeploymentPostprocessing = 0;
		};
/* End PBXSourcesBuildPhase section */

/* Begin XCBuildConfiguration section */
		D04BA49BCED00029C5289244 /* Release */ = {
			isa = XCBuildConfiguration;
			buildSettings = {
				ASSETCATALOG_COMPILER_APPICON_NAME = AppIcon;
				CODE_SIGN_ENTITLEMENTS = "alt-tab-macos/alt_tab_macos.entitlements";
				CODE_SIGN_IDENTITY = "Local Self-Signed";
				COMBINE_HIDPI_IMAGES = YES;
				ENABLE_HARDENED_RUNTIME = YES;
				FRAMEWORK_SEARCH_PATHS = /System/Library/PrivateFrameworks;
				INFOPLIST_FILE = "alt-tab-macos/Info.plist";
				LD_RUNPATH_SEARCH_PATHS = "$(inherited) @executable_path/../Frameworks";
				MACOSX_DEPLOYMENT_TARGET = 10.12;
				PRODUCT_BUNDLE_IDENTIFIER = "com.lwouis.alt-tab-macos";
				PRODUCT_NAME = "$(TARGET_NAME)";
				SWIFT_VERSION = 4.2;
			};
			name = Release;
		};
		D04BA6FB4EC72C6A126E86D7 /* Debug */ = {
			isa = XCBuildConfiguration;
			buildSettings = {
				ASSETCATALOG_COMPILER_APPICON_NAME = AppIcon;
				CODE_SIGN_ENTITLEMENTS = "alt-tab-macos/alt_tab_macos.entitlements";
				CODE_SIGN_IDENTITY = "Local Self-Signed";
				COMBINE_HIDPI_IMAGES = YES;
				ENABLE_HARDENED_RUNTIME = YES;
				FRAMEWORK_SEARCH_PATHS = /System/Library/PrivateFrameworks;
				INFOPLIST_FILE = "alt-tab-macos/Info.plist";
				LD_RUNPATH_SEARCH_PATHS = "$(inherited) @executable_path/../Frameworks";
				MACOSX_DEPLOYMENT_TARGET = 10.12;
				PRODUCT_BUNDLE_IDENTIFIER = "com.lwouis.alt-tab-macos";
				PRODUCT_NAME = "$(TARGET_NAME)";
				SWIFT_VERSION = 4.2;
			};
			name = Debug;
		};
		D04BA801581D700C583B53FB /* Debug */ = {
			isa = XCBuildConfiguration;
			buildSettings = {
				ALWAYS_SEARCH_USER_PATHS = NO;
				CLANG_ANALYZER_NONNULL = YES;
				CLANG_ANALYZER_NUMBER_OBJECT_CONVERSION = YES_AGGRESSIVE;
				CLANG_CXX_LANGUAGE_STANDARD = "gnu++14";
				CLANG_CXX_LIBRARY = "libc++";
				CLANG_ENABLE_MODULES = YES;
				CLANG_ENABLE_OBJC_ARC = YES;
				CLANG_ENABLE_OBJC_WEAK = YES;
				CLANG_WARN_BLOCK_CAPTURE_AUTORELEASING = YES;
				CLANG_WARN_BOOL_CONVERSION = YES;
				CLANG_WARN_COMMA = YES;
				CLANG_WARN_CONSTANT_CONVERSION = YES;
				CLANG_WARN_DEPRECATED_OBJC_IMPLEMENTATIONS = YES;
				CLANG_WARN_DIRECT_OBJC_ISA_USAGE = YES_ERROR;
				CLANG_WARN_DOCUMENTATION_COMMENTS = YES;
				CLANG_WARN_EMPTY_BODY = YES;
				CLANG_WARN_ENUM_CONVERSION = YES;
				CLANG_WARN_INFINITE_RECURSION = YES;
				CLANG_WARN_INT_CONVERSION = YES;
				CLANG_WARN_NON_LITERAL_NULL_CONVERSION = YES;
				CLANG_WARN_OBJC_IMPLICIT_RETAIN_SELF = YES;
				CLANG_WARN_OBJC_LITERAL_CONVERSION = YES;
				CLANG_WARN_OBJC_ROOT_CLASS = YES_ERROR;
				CLANG_WARN_RANGE_LOOP_ANALYSIS = YES;
				CLANG_WARN_STRICT_PROTOTYPES = YES;
				CLANG_WARN_SUSPICIOUS_MOVE = YES;
				CLANG_WARN_UNGUARDED_AVAILABILITY = YES_AGGRESSIVE;
				CLANG_WARN_UNREACHABLE_CODE = YES;
				CLANG_WARN__DUPLICATE_METHOD_MATCH = YES;
				COPY_PHASE_STRIP = NO;
				DEBUG_INFORMATION_FORMAT = dwarf;
				ENABLE_STRICT_OBJC_MSGSEND = YES;
				ENABLE_TESTABILITY = YES;
				GCC_C_LANGUAGE_STANDARD = gnu11;
				GCC_DYNAMIC_NO_PIC = NO;
				GCC_NO_COMMON_BLOCKS = YES;
				GCC_OPTIMIZATION_LEVEL = 0;
				GCC_PREPROCESSOR_DEFINITIONS = (
					"DEBUG=1",
					"$(inherited)",
				);
				GCC_WARN_64_TO_32_BIT_CONVERSION = YES;
				GCC_WARN_ABOUT_RETURN_TYPE = YES_ERROR;
				GCC_WARN_UNDECLARED_SELECTOR = YES;
				GCC_WARN_UNINITIALIZED_AUTOS = YES_AGGRESSIVE;
				GCC_WARN_UNUSED_FUNCTION = YES;
				GCC_WARN_UNUSED_VARIABLE = YES;
				MACOSX_DEPLOYMENT_TARGET = 10.14;
				MTL_ENABLE_DEBUG_INFO = INCLUDE_SOURCE;
				MTL_FAST_MATH = YES;
				ONLY_ACTIVE_ARCH = YES;
				SDKROOT = macosx;
				SWIFT_ACTIVE_COMPILATION_CONDITIONS = DEBUG;
				SWIFT_OPTIMIZATION_LEVEL = "-Onone";
			};
			name = Debug;
		};
		D04BA9150F87B08AB0ACE4AE /* Release */ = {
			isa = XCBuildConfiguration;
			buildSettings = {
				ALWAYS_SEARCH_USER_PATHS = NO;
				CLANG_ANALYZER_NONNULL = YES;
				CLANG_ANALYZER_NUMBER_OBJECT_CONVERSION = YES_AGGRESSIVE;
				CLANG_CXX_LANGUAGE_STANDARD = "gnu++14";
				CLANG_CXX_LIBRARY = "libc++";
				CLANG_ENABLE_MODULES = YES;
				CLANG_ENABLE_OBJC_ARC = YES;
				CLANG_ENABLE_OBJC_WEAK = YES;
				CLANG_WARN_BLOCK_CAPTURE_AUTORELEASING = YES;
				CLANG_WARN_BOOL_CONVERSION = YES;
				CLANG_WARN_COMMA = YES;
				CLANG_WARN_CONSTANT_CONVERSION = YES;
				CLANG_WARN_DEPRECATED_OBJC_IMPLEMENTATIONS = YES;
				CLANG_WARN_DIRECT_OBJC_ISA_USAGE = YES_ERROR;
				CLANG_WARN_DOCUMENTATION_COMMENTS = YES;
				CLANG_WARN_EMPTY_BODY = YES;
				CLANG_WARN_ENUM_CONVERSION = YES;
				CLANG_WARN_INFINITE_RECURSION = YES;
				CLANG_WARN_INT_CONVERSION = YES;
				CLANG_WARN_NON_LITERAL_NULL_CONVERSION = YES;
				CLANG_WARN_OBJC_IMPLICIT_RETAIN_SELF = YES;
				CLANG_WARN_OBJC_LITERAL_CONVERSION = YES;
				CLANG_WARN_OBJC_ROOT_CLASS = YES_ERROR;
				CLANG_WARN_RANGE_LOOP_ANALYSIS = YES;
				CLANG_WARN_STRICT_PROTOTYPES = YES;
				CLANG_WARN_SUSPICIOUS_MOVE = YES;
				CLANG_WARN_UNGUARDED_AVAILABILITY = YES_AGGRESSIVE;
				CLANG_WARN_UNREACHABLE_CODE = YES;
				CLANG_WARN__DUPLICATE_METHOD_MATCH = YES;
				COPY_PHASE_STRIP = NO;
				DEBUG_INFORMATION_FORMAT = "dwarf-with-dsym";
				ENABLE_NS_ASSERTIONS = NO;
				ENABLE_STRICT_OBJC_MSGSEND = YES;
				GCC_C_LANGUAGE_STANDARD = gnu11;
				GCC_NO_COMMON_BLOCKS = YES;
				GCC_WARN_64_TO_32_BIT_CONVERSION = YES;
				GCC_WARN_ABOUT_RETURN_TYPE = YES_ERROR;
				GCC_WARN_UNDECLARED_SELECTOR = YES;
				GCC_WARN_UNINITIALIZED_AUTOS = YES_AGGRESSIVE;
				GCC_WARN_UNUSED_FUNCTION = YES;
				GCC_WARN_UNUSED_VARIABLE = YES;
				MACOSX_DEPLOYMENT_TARGET = 10.14;
				MTL_ENABLE_DEBUG_INFO = NO;
				MTL_FAST_MATH = YES;
				SDKROOT = macosx;
				SWIFT_OPTIMIZATION_LEVEL = "-Owholemodule";
			};
			name = Release;
		};
/* End XCBuildConfiguration section */

/* Begin XCConfigurationList section */
		D04BA4D71CBB2FA4B9947B10 /* Build configuration list for PBXNativeTarget "alt-tab-macos" */ = {
			isa = XCConfigurationList;
			buildConfigurations = (
				D04BA6FB4EC72C6A126E86D7 /* Debug */,
				D04BA49BCED00029C5289244 /* Release */,
			);
			defaultConfigurationIsVisible = 0;
			defaultConfigurationName = Release;
		};
		D04BA83C9495F252D87CDF0F /* Build configuration list for PBXProject "alt-tab-macos" */ = {
			isa = XCConfigurationList;
			buildConfigurations = (
				D04BA801581D700C583B53FB /* Debug */,
				D04BA9150F87B08AB0ACE4AE /* Release */,
			);
			defaultConfigurationIsVisible = 0;
			defaultConfigurationName = Release;
		};
/* End XCConfigurationList section */
	};
	rootObject = D04BA59EB5ED6F005E8F4407 /* Project object */;
}
